// !$*UTF8*$!
{
	archiveVersion = 1;
	classes = {
	};
	objectVersion = 55;
	objects = {

/* Begin PBXBuildFile section */
		1DDB10BD84698E573DBA6C16 /* Pods_VIPArchitectureSample.framework in Frameworks */ = {isa = PBXBuildFile; fileRef = 22F1B4A380D11BF833B9D21E /* Pods_VIPArchitectureSample.framework */; };
		501D55491E91640C3D245DE6 /* Pods_VIPArchitectureSampleTests.framework in Frameworks */ = {isa = PBXBuildFile; fileRef = 10E8DF25075722ACD28C1FB0 /* Pods_VIPArchitectureSampleTests.framework */; };
		68D6D2E69207D9308840656E /* Pods_VIPArchitectureSampleUITests.framework in Frameworks */ = {isa = PBXBuildFile; fileRef = 1BD860186162C452F98D9AE9 /* Pods_VIPArchitectureSampleUITests.framework */; };
		DB425EA727C541F200FFCCB5 /* AppDelegate.swift in Sources */ = {isa = PBXBuildFile; fileRef = DB425EA627C541F200FFCCB5 /* AppDelegate.swift */; };
		DB425EAB27C541F200FFCCB5 /* ViewController.swift in Sources */ = {isa = PBXBuildFile; fileRef = DB425EAA27C541F200FFCCB5 /* ViewController.swift */; };
		DB425EAE27C541F200FFCCB5 /* Main.storyboard in Resources */ = {isa = PBXBuildFile; fileRef = DB425EAC27C541F200FFCCB5 /* Main.storyboard */; };
		DB425EB027C541F600FFCCB5 /* Assets.xcassets in Resources */ = {isa = PBXBuildFile; fileRef = DB425EAF27C541F600FFCCB5 /* Assets.xcassets */; };
		DB425EB327C541F600FFCCB5 /* LaunchScreen.storyboard in Resources */ = {isa = PBXBuildFile; fileRef = DB425EB127C541F600FFCCB5 /* LaunchScreen.storyboard */; };
		DB425EBE27C541F700FFCCB5 /* VIPArchitectureSampleTests.swift in Sources */ = {isa = PBXBuildFile; fileRef = DB425EBD27C541F700FFCCB5 /* VIPArchitectureSampleTests.swift */; };
		DB425EC827C541F700FFCCB5 /* VIPArchitectureSampleUITests.swift in Sources */ = {isa = PBXBuildFile; fileRef = DB425EC727C541F700FFCCB5 /* VIPArchitectureSampleUITests.swift */; };
		DB425ECA27C541F700FFCCB5 /* VIPArchitectureSampleUITestsLaunchTests.swift in Sources */ = {isa = PBXBuildFile; fileRef = DB425EC927C541F700FFCCB5 /* VIPArchitectureSampleUITestsLaunchTests.swift */; };
		DB425EDE27C5478200FFCCB5 /* R.generated.swift in Sources */ = {isa = PBXBuildFile; fileRef = DB425EDD27C5478200FFCCB5 /* R.generated.swift */; };
		DB425F2627C62AF100FFCCB5 /* LoaderView.swift in Sources */ = {isa = PBXBuildFile; fileRef = DB425F2527C62AF100FFCCB5 /* LoaderView.swift */; };
		DB425F2927C62C2400FFCCB5 /* ErrorModel.swift in Sources */ = {isa = PBXBuildFile; fileRef = DB425F2827C62C2400FFCCB5 /* ErrorModel.swift */; };
		DB425F4B27C62CCB00FFCCB5 /* UIViewController+AlertController.swift in Sources */ = {isa = PBXBuildFile; fileRef = DB425F2B27C62CCA00FFCCB5 /* UIViewController+AlertController.swift */; };
		DB425F4C27C62CCB00FFCCB5 /* UIView+Additions.swift in Sources */ = {isa = PBXBuildFile; fileRef = DB425F2D27C62CCA00FFCCB5 /* UIView+Additions.swift */; };
		DB425F4D27C62CCB00FFCCB5 /* String+Additions.swift in Sources */ = {isa = PBXBuildFile; fileRef = DB425F2E27C62CCA00FFCCB5 /* String+Additions.swift */; };
		DB425F4E27C62CCB00FFCCB5 /* Dictionary+Additions.swift in Sources */ = {isa = PBXBuildFile; fileRef = DB425F2F27C62CCA00FFCCB5 /* Dictionary+Additions.swift */; };
		DB425F4F27C62CCB00FFCCB5 /* BaseViewController.swift in Sources */ = {isa = PBXBuildFile; fileRef = DB425F3127C62CCA00FFCCB5 /* BaseViewController.swift */; };
		DB425F5027C62CCB00FFCCB5 /* BaseView.swift in Sources */ = {isa = PBXBuildFile; fileRef = DB425F3227C62CCA00FFCCB5 /* BaseView.swift */; };
		DB425F5227C62CCB00FFCCB5 /* CustomNetworkError.swift in Sources */ = {isa = PBXBuildFile; fileRef = DB425F3727C62CCB00FFCCB5 /* CustomNetworkError.swift */; };
		DB425F5427C62CCB00FFCCB5 /* APIConstants.swift in Sources */ = {isa = PBXBuildFile; fileRef = DB425F3A27C62CCB00FFCCB5 /* APIConstants.swift */; };
		DB425F5527C62CCB00FFCCB5 /* APIRouter.swift in Sources */ = {isa = PBXBuildFile; fileRef = DB425F3B27C62CCB00FFCCB5 /* APIRouter.swift */; };
		DB425F5627C62CCB00FFCCB5 /* EnviromentService.swift in Sources */ = {isa = PBXBuildFile; fileRef = DB425F3C27C62CCB00FFCCB5 /* EnviromentService.swift */; };
		DB425F6727C6458800FFCCB5 /* ArtistsLastFM.swift in Sources */ = {isa = PBXBuildFile; fileRef = DB425F6627C6458800FFCCB5 /* ArtistsLastFM.swift */; };
		DB425F6927C645F900FFCCB5 /* AlbumsLastFM.swift in Sources */ = {isa = PBXBuildFile; fileRef = DB425F6827C645F900FFCCB5 /* AlbumsLastFM.swift */; };
		DB425F6B27C6466A00FFCCB5 /* CharactersRickAndMorty.swift in Sources */ = {isa = PBXBuildFile; fileRef = DB425F6A27C6466A00FFCCB5 /* CharactersRickAndMorty.swift */; };
		DB425F6D27C6482800FFCCB5 /* APIClient.swift in Sources */ = {isa = PBXBuildFile; fileRef = DB425F6C27C6482800FFCCB5 /* APIClient.swift */; };
		DB425F7727C648D900FFCCB5 /* InitialSelectionFactorable.swift in Sources */ = {isa = PBXBuildFile; fileRef = DB425F7027C648D900FFCCB5 /* InitialSelectionFactorable.swift */; };
		DB425F7827C648D900FFCCB5 /* InitialSelectionPresenter.swift in Sources */ = {isa = PBXBuildFile; fileRef = DB425F7127C648D900FFCCB5 /* InitialSelectionPresenter.swift */; };
		DB425F7927C648D900FFCCB5 /* InitialSelectionRouter.swift in Sources */ = {isa = PBXBuildFile; fileRef = DB425F7227C648D900FFCCB5 /* InitialSelectionRouter.swift */; };
		DB425F7A27C648D900FFCCB5 /* InitialSelectionViewController.swift in Sources */ = {isa = PBXBuildFile; fileRef = DB425F7327C648D900FFCCB5 /* InitialSelectionViewController.swift */; };
		DB425F7B27C648D900FFCCB5 /* InitialSelectionInteractor.swift in Sources */ = {isa = PBXBuildFile; fileRef = DB425F7427C648D900FFCCB5 /* InitialSelectionInteractor.swift */; };
		DB425F7C27C648D900FFCCB5 /* InitialSelectionView.swift in Sources */ = {isa = PBXBuildFile; fileRef = DB425F7527C648D900FFCCB5 /* InitialSelectionView.swift */; };
		DB425F7D27C648D900FFCCB5 /* InitialSelectionModel.swift in Sources */ = {isa = PBXBuildFile; fileRef = DB425F7627C648D900FFCCB5 /* InitialSelectionModel.swift */; };
		DB425F7F27C6490600FFCCB5 /* AppInjector.swift in Sources */ = {isa = PBXBuildFile; fileRef = DB425F7E27C6490600FFCCB5 /* AppInjector.swift */; };
		DB425F8227C6492E00FFCCB5 /* InitialSelectionView.xib in Resources */ = {isa = PBXBuildFile; fileRef = DB425F8127C6492E00FFCCB5 /* InitialSelectionView.xib */; };
		DB425F8D27C6543A00FFCCB5 /* ArtistsListFactorable.swift in Sources */ = {isa = PBXBuildFile; fileRef = DB425F8627C6543A00FFCCB5 /* ArtistsListFactorable.swift */; };
		DB425F8E27C6543A00FFCCB5 /* ArtistsListPresenter.swift in Sources */ = {isa = PBXBuildFile; fileRef = DB425F8727C6543A00FFCCB5 /* ArtistsListPresenter.swift */; };
		DB425F8F27C6543A00FFCCB5 /* ArtistsListRouter.swift in Sources */ = {isa = PBXBuildFile; fileRef = DB425F8827C6543A00FFCCB5 /* ArtistsListRouter.swift */; };
		DB425F9027C6543A00FFCCB5 /* ArtistsListViewController.swift in Sources */ = {isa = PBXBuildFile; fileRef = DB425F8927C6543A00FFCCB5 /* ArtistsListViewController.swift */; };
		DB425F9127C6543A00FFCCB5 /* ArtistsListInteractor.swift in Sources */ = {isa = PBXBuildFile; fileRef = DB425F8A27C6543A00FFCCB5 /* ArtistsListInteractor.swift */; };
		DB425F9227C6543A00FFCCB5 /* ArtistsListView.swift in Sources */ = {isa = PBXBuildFile; fileRef = DB425F8B27C6543A00FFCCB5 /* ArtistsListView.swift */; };
		DB425F9327C6543A00FFCCB5 /* ArtistsListModel.swift in Sources */ = {isa = PBXBuildFile; fileRef = DB425F8C27C6543A00FFCCB5 /* ArtistsListModel.swift */; };
		DB425F9627C6545200FFCCB5 /* ArtistsListView.xib in Resources */ = {isa = PBXBuildFile; fileRef = DB425F9527C6545200FFCCB5 /* ArtistsListView.xib */; };
		DB425F9A27C659BD00FFCCB5 /* ArtistTableViewCell.swift in Sources */ = {isa = PBXBuildFile; fileRef = DB425F9827C659BD00FFCCB5 /* ArtistTableViewCell.swift */; };
		DB425F9B27C659BD00FFCCB5 /* ArtistTableViewCell.xib in Resources */ = {isa = PBXBuildFile; fileRef = DB425F9927C659BD00FFCCB5 /* ArtistTableViewCell.xib */; };
		DB425FB027C664E100FFCCB5 /* CharactersListRickMortyTableViewCell.xib in Resources */ = {isa = PBXBuildFile; fileRef = DB425FAE27C664E100FFCCB5 /* CharactersListRickMortyTableViewCell.xib */; };
		DB425FB127C664E100FFCCB5 /* CharactersListRickMortyTableViewCell.swift in Sources */ = {isa = PBXBuildFile; fileRef = DB425FAF27C664E100FFCCB5 /* CharactersListRickMortyTableViewCell.swift */; };
		DB425FB327C6662F00FFCCB5 /* CharactersListRickMortyView.xib in Resources */ = {isa = PBXBuildFile; fileRef = DB425FB227C6662F00FFCCB5 /* CharactersListRickMortyView.xib */; };
		DB425FBC27C66BC800FFCCB5 /* CharactersListRickMortyView.swift in Sources */ = {isa = PBXBuildFile; fileRef = DB425FB527C66BC800FFCCB5 /* CharactersListRickMortyView.swift */; };
		DB425FBD27C66BC800FFCCB5 /* CharactersListRickMortyInteractor.swift in Sources */ = {isa = PBXBuildFile; fileRef = DB425FB627C66BC800FFCCB5 /* CharactersListRickMortyInteractor.swift */; };
		DB425FBE27C66BC800FFCCB5 /* CharactersListRickMortyRouter.swift in Sources */ = {isa = PBXBuildFile; fileRef = DB425FB727C66BC800FFCCB5 /* CharactersListRickMortyRouter.swift */; };
		DB425FBF27C66BC800FFCCB5 /* CharactersListRickMortyPresenter.swift in Sources */ = {isa = PBXBuildFile; fileRef = DB425FB827C66BC800FFCCB5 /* CharactersListRickMortyPresenter.swift */; };
		DB425FC027C66BC800FFCCB5 /* CharactersListRickMortyViewController.swift in Sources */ = {isa = PBXBuildFile; fileRef = DB425FB927C66BC800FFCCB5 /* CharactersListRickMortyViewController.swift */; };
		DB425FC127C66BC800FFCCB5 /* CharactersListRickMortyModel.swift in Sources */ = {isa = PBXBuildFile; fileRef = DB425FBA27C66BC800FFCCB5 /* CharactersListRickMortyModel.swift */; };
		DB425FC227C66BC800FFCCB5 /* CharactersListRickMortyFactorable.swift in Sources */ = {isa = PBXBuildFile; fileRef = DB425FBB27C66BC800FFCCB5 /* CharactersListRickMortyFactorable.swift */; };
		DB425FD127C66E3F00FFCCB5 /* ItemComic.swift in Sources */ = {isa = PBXBuildFile; fileRef = DB425FC427C66E3F00FFCCB5 /* ItemComic.swift */; };
		DB425FD227C66E3F00FFCCB5 /* ItemSeries.swift in Sources */ = {isa = PBXBuildFile; fileRef = DB425FC527C66E3F00FFCCB5 /* ItemSeries.swift */; };
		DB425FD327C66E3F00FFCCB5 /* Event.swift in Sources */ = {isa = PBXBuildFile; fileRef = DB425FC627C66E3F00FFCCB5 /* Event.swift */; };
		DB425FD427C66E3F00FFCCB5 /* Thumbnail.swift in Sources */ = {isa = PBXBuildFile; fileRef = DB425FC727C66E3F00FFCCB5 /* Thumbnail.swift */; };
		DB425FD527C66E3F00FFCCB5 /* Result.swift in Sources */ = {isa = PBXBuildFile; fileRef = DB425FC827C66E3F00FFCCB5 /* Result.swift */; };
		DB425FD627C66E3F00FFCCB5 /* Comic.swift in Sources */ = {isa = PBXBuildFile; fileRef = DB425FC927C66E3F00FFCCB5 /* Comic.swift */; };
		DB425FD727C66E3F00FFCCB5 /* Series.swift in Sources */ = {isa = PBXBuildFile; fileRef = DB425FCA27C66E3F00FFCCB5 /* Series.swift */; };
		DB425FD827C66E3F00FFCCB5 /* ItemEvent.swift in Sources */ = {isa = PBXBuildFile; fileRef = DB425FCB27C66E3F00FFCCB5 /* ItemEvent.swift */; };
		DB425FD927C66E3F00FFCCB5 /* ItemStory.swift in Sources */ = {isa = PBXBuildFile; fileRef = DB425FCC27C66E3F00FFCCB5 /* ItemStory.swift */; };
		DB425FDA27C66E3F00FFCCB5 /* Datum.swift in Sources */ = {isa = PBXBuildFile; fileRef = DB425FCD27C66E3F00FFCCB5 /* Datum.swift */; };
		DB425FDB27C66E3F00FFCCB5 /* Url.swift in Sources */ = {isa = PBXBuildFile; fileRef = DB425FCE27C66E3F00FFCCB5 /* Url.swift */; };
		DB425FDC27C66E3F00FFCCB5 /* CharactersListMarvel.swift in Sources */ = {isa = PBXBuildFile; fileRef = DB425FCF27C66E3F00FFCCB5 /* CharactersListMarvel.swift */; };
		DB425FDD27C66E3F00FFCCB5 /* Story.swift in Sources */ = {isa = PBXBuildFile; fileRef = DB425FD027C66E3F00FFCCB5 /* Story.swift */; };
		DB425FF827C66FD900FFCCB5 /* CharacterDetailMarvelPresenter.swift in Sources */ = {isa = PBXBuildFile; fileRef = DB425FDF27C66FD800FFCCB5 /* CharacterDetailMarvelPresenter.swift */; };
		DB425FF927C66FD900FFCCB5 /* CharacterDetailMarvelFactorable.swift in Sources */ = {isa = PBXBuildFile; fileRef = DB425FE027C66FD800FFCCB5 /* CharacterDetailMarvelFactorable.swift */; };
		DB425FFA27C66FD900FFCCB5 /* CharacterDetailMarvelRouter.swift in Sources */ = {isa = PBXBuildFile; fileRef = DB425FE127C66FD800FFCCB5 /* CharacterDetailMarvelRouter.swift */; };
		DB425FFB27C66FD900FFCCB5 /* CharacterDetailMarvelViewController.swift in Sources */ = {isa = PBXBuildFile; fileRef = DB425FE227C66FD800FFCCB5 /* CharacterDetailMarvelViewController.swift */; };
		DB425FFC27C66FD900FFCCB5 /* CharacterDetailMarvelInteractor.swift in Sources */ = {isa = PBXBuildFile; fileRef = DB425FE327C66FD800FFCCB5 /* CharacterDetailMarvelInteractor.swift */; };
		DB425FFD27C66FD900FFCCB5 /* CharacterDetailMarvelModel.swift in Sources */ = {isa = PBXBuildFile; fileRef = DB425FE427C66FD800FFCCB5 /* CharacterDetailMarvelModel.swift */; };
		DB425FFE27C66FD900FFCCB5 /* CharacterDetailMarvelView.xib in Resources */ = {isa = PBXBuildFile; fileRef = DB425FE627C66FD800FFCCB5 /* CharacterDetailMarvelView.xib */; };
		DB425FFF27C66FD900FFCCB5 /* CharacterDetailMarvelTableViewCell.xib in Resources */ = {isa = PBXBuildFile; fileRef = DB425FE827C66FD800FFCCB5 /* CharacterDetailMarvelTableViewCell.xib */; };
		DB42600027C66FD900FFCCB5 /* CharacterDetailMarvelTableViewCell.swift in Sources */ = {isa = PBXBuildFile; fileRef = DB425FE927C66FD800FFCCB5 /* CharacterDetailMarvelTableViewCell.swift */; };
		DB42600127C66FD900FFCCB5 /* CharacterDetailMarvelView.swift in Sources */ = {isa = PBXBuildFile; fileRef = DB425FEA27C66FD800FFCCB5 /* CharacterDetailMarvelView.swift */; };
		DB42600227C66FD900FFCCB5 /* CharactersListMarvelFactorable.swift in Sources */ = {isa = PBXBuildFile; fileRef = DB425FEC27C66FD900FFCCB5 /* CharactersListMarvelFactorable.swift */; };
		DB42600327C66FD900FFCCB5 /* CharactersListMarvelViewController.swift in Sources */ = {isa = PBXBuildFile; fileRef = DB425FED27C66FD900FFCCB5 /* CharactersListMarvelViewController.swift */; };
		DB42600427C66FD900FFCCB5 /* CharactersListMarvelModel.swift in Sources */ = {isa = PBXBuildFile; fileRef = DB425FEE27C66FD900FFCCB5 /* CharactersListMarvelModel.swift */; };
		DB42600527C66FD900FFCCB5 /* CharactersListMarvelInteractor.swift in Sources */ = {isa = PBXBuildFile; fileRef = DB425FEF27C66FD900FFCCB5 /* CharactersListMarvelInteractor.swift */; };
		DB42600627C66FD900FFCCB5 /* CharactersListMarvelPresenter.swift in Sources */ = {isa = PBXBuildFile; fileRef = DB425FF027C66FD900FFCCB5 /* CharactersListMarvelPresenter.swift */; };
		DB42600727C66FD900FFCCB5 /* CharactersListMarvelRouter.swift in Sources */ = {isa = PBXBuildFile; fileRef = DB425FF127C66FD900FFCCB5 /* CharactersListMarvelRouter.swift */; };
		DB42600827C66FD900FFCCB5 /* CharactersListMarvelView.swift in Sources */ = {isa = PBXBuildFile; fileRef = DB425FF327C66FD900FFCCB5 /* CharactersListMarvelView.swift */; };
		DB42600927C66FD900FFCCB5 /* CharacterListMarvelTableViewCell.xib in Resources */ = {isa = PBXBuildFile; fileRef = DB425FF527C66FD900FFCCB5 /* CharacterListMarvelTableViewCell.xib */; };
		DB42600A27C66FD900FFCCB5 /* CharacterListMarvelTableViewCell.swift in Sources */ = {isa = PBXBuildFile; fileRef = DB425FF627C66FD900FFCCB5 /* CharacterListMarvelTableViewCell.swift */; };
		DB42600B27C66FD900FFCCB5 /* CharactersListMarvelView.xib in Resources */ = {isa = PBXBuildFile; fileRef = DB425FF727C66FD900FFCCB5 /* CharactersListMarvelView.xib */; };
		DB7D59A727C68E680093370A /* UIColor+Additions.swift in Sources */ = {isa = PBXBuildFile; fileRef = DB7D59A627C68E680093370A /* UIColor+Additions.swift */; };
		DB7D59AF27C799370093370A /* ArtistDetailFactorable.swift in Sources */ = {isa = PBXBuildFile; fileRef = DB7D59A827C799370093370A /* ArtistDetailFactorable.swift */; };
		DB7D59B027C799370093370A /* ArtistDetailPresenter.swift in Sources */ = {isa = PBXBuildFile; fileRef = DB7D59A927C799370093370A /* ArtistDetailPresenter.swift */; };
		DB7D59B127C799370093370A /* ArtistDetailRouter.swift in Sources */ = {isa = PBXBuildFile; fileRef = DB7D59AA27C799370093370A /* ArtistDetailRouter.swift */; };
		DB7D59B227C799370093370A /* ArtistDetailViewController.swift in Sources */ = {isa = PBXBuildFile; fileRef = DB7D59AB27C799370093370A /* ArtistDetailViewController.swift */; };
		DB7D59B327C799370093370A /* ArtistDetailInteractor.swift in Sources */ = {isa = PBXBuildFile; fileRef = DB7D59AC27C799370093370A /* ArtistDetailInteractor.swift */; };
		DB7D59B427C799370093370A /* ArtistDetailView.swift in Sources */ = {isa = PBXBuildFile; fileRef = DB7D59AD27C799370093370A /* ArtistDetailView.swift */; };
		DB7D59B527C799370093370A /* ArtistDetailModel.swift in Sources */ = {isa = PBXBuildFile; fileRef = DB7D59AE27C799370093370A /* ArtistDetailModel.swift */; };
		DB7D59BA27C79E680093370A /* ArtistDetailTableViewCell.swift in Sources */ = {isa = PBXBuildFile; fileRef = DB7D59B827C79E680093370A /* ArtistDetailTableViewCell.swift */; };
		DB7D59BB27C79E680093370A /* ArtistDetailTableViewCell.xib in Resources */ = {isa = PBXBuildFile; fileRef = DB7D59B927C79E680093370A /* ArtistDetailTableViewCell.xib */; };
		DB7D59BD27C79EEA0093370A /* ArtistDetailView.xib in Resources */ = {isa = PBXBuildFile; fileRef = DB7D59BC27C79EEA0093370A /* ArtistDetailView.xib */; };
/* End PBXBuildFile section */

/* Begin PBXContainerItemProxy section */
		DB425EBA27C541F700FFCCB5 /* PBXContainerItemProxy */ = {
			isa = PBXContainerItemProxy;
			containerPortal = DB425E9B27C541F200FFCCB5 /* Project object */;
			proxyType = 1;
			remoteGlobalIDString = DB425EA227C541F200FFCCB5;
			remoteInfo = VIPArchitectureSample;
		};
		DB425EC427C541F700FFCCB5 /* PBXContainerItemProxy */ = {
			isa = PBXContainerItemProxy;
			containerPortal = DB425E9B27C541F200FFCCB5 /* Project object */;
			proxyType = 1;
			remoteGlobalIDString = DB425EA227C541F200FFCCB5;
			remoteInfo = VIPArchitectureSample;
		};
/* End PBXContainerItemProxy section */

/* Begin PBXFileReference section */
		10E8DF25075722ACD28C1FB0 /* Pods_VIPArchitectureSampleTests.framework */ = {isa = PBXFileReference; explicitFileType = wrapper.framework; includeInIndex = 0; path = Pods_VIPArchitectureSampleTests.framework; sourceTree = BUILT_PRODUCTS_DIR; };
		1ACBA5EFA1F8336F9565313D /* Pods-VIPArchitectureSampleTests.release.xcconfig */ = {isa = PBXFileReference; includeInIndex = 1; lastKnownFileType = text.xcconfig; name = "Pods-VIPArchitectureSampleTests.release.xcconfig"; path = "Target Support Files/Pods-VIPArchitectureSampleTests/Pods-VIPArchitectureSampleTests.release.xcconfig"; sourceTree = "<group>"; };
		1BD860186162C452F98D9AE9 /* Pods_VIPArchitectureSampleUITests.framework */ = {isa = PBXFileReference; explicitFileType = wrapper.framework; includeInIndex = 0; path = Pods_VIPArchitectureSampleUITests.framework; sourceTree = BUILT_PRODUCTS_DIR; };
		22F1B4A380D11BF833B9D21E /* Pods_VIPArchitectureSample.framework */ = {isa = PBXFileReference; explicitFileType = wrapper.framework; includeInIndex = 0; path = Pods_VIPArchitectureSample.framework; sourceTree = BUILT_PRODUCTS_DIR; };
		2D20395CC49611155F5DBA17 /* Pods-VIPArchitectureSample.release.xcconfig */ = {isa = PBXFileReference; includeInIndex = 1; lastKnownFileType = text.xcconfig; name = "Pods-VIPArchitectureSample.release.xcconfig"; path = "Target Support Files/Pods-VIPArchitectureSample/Pods-VIPArchitectureSample.release.xcconfig"; sourceTree = "<group>"; };
		59EB2190139C0E41B2805112 /* Pods-VIPArchitectureSampleUITests.release.xcconfig */ = {isa = PBXFileReference; includeInIndex = 1; lastKnownFileType = text.xcconfig; name = "Pods-VIPArchitectureSampleUITests.release.xcconfig"; path = "Target Support Files/Pods-VIPArchitectureSampleUITests/Pods-VIPArchitectureSampleUITests.release.xcconfig"; sourceTree = "<group>"; };
		716CFB32FFDB6BF296331F62 /* Pods-VIPArchitectureSample-VIPArchitectureSampleUITests.release.xcconfig */ = {isa = PBXFileReference; includeInIndex = 1; lastKnownFileType = text.xcconfig; name = "Pods-VIPArchitectureSample-VIPArchitectureSampleUITests.release.xcconfig"; path = "Target Support Files/Pods-VIPArchitectureSample-VIPArchitectureSampleUITests/Pods-VIPArchitectureSample-VIPArchitectureSampleUITests.release.xcconfig"; sourceTree = "<group>"; };
		808B658427786E0CAF07F9BF /* Pods-VIPArchitectureSample-VIPArchitectureSampleUITests.debug.xcconfig */ = {isa = PBXFileReference; includeInIndex = 1; lastKnownFileType = text.xcconfig; name = "Pods-VIPArchitectureSample-VIPArchitectureSampleUITests.debug.xcconfig"; path = "Target Support Files/Pods-VIPArchitectureSample-VIPArchitectureSampleUITests/Pods-VIPArchitectureSample-VIPArchitectureSampleUITests.debug.xcconfig"; sourceTree = "<group>"; };
		A02573D7B2E10F767A5FA5ED /* Pods-VIPArchitectureSample.debug.xcconfig */ = {isa = PBXFileReference; includeInIndex = 1; lastKnownFileType = text.xcconfig; name = "Pods-VIPArchitectureSample.debug.xcconfig"; path = "Target Support Files/Pods-VIPArchitectureSample/Pods-VIPArchitectureSample.debug.xcconfig"; sourceTree = "<group>"; };
		DB425EA327C541F200FFCCB5 /* VIPArchitectureSample.app */ = {isa = PBXFileReference; explicitFileType = wrapper.application; includeInIndex = 0; path = VIPArchitectureSample.app; sourceTree = BUILT_PRODUCTS_DIR; };
		DB425EA627C541F200FFCCB5 /* AppDelegate.swift */ = {isa = PBXFileReference; lastKnownFileType = sourcecode.swift; path = AppDelegate.swift; sourceTree = "<group>"; };
		DB425EAA27C541F200FFCCB5 /* ViewController.swift */ = {isa = PBXFileReference; lastKnownFileType = sourcecode.swift; path = ViewController.swift; sourceTree = "<group>"; };
		DB425EAD27C541F200FFCCB5 /* Base */ = {isa = PBXFileReference; lastKnownFileType = file.storyboard; name = Base; path = Base.lproj/Main.storyboard; sourceTree = "<group>"; };
		DB425EAF27C541F600FFCCB5 /* Assets.xcassets */ = {isa = PBXFileReference; lastKnownFileType = folder.assetcatalog; path = Assets.xcassets; sourceTree = "<group>"; };
		DB425EB227C541F600FFCCB5 /* Base */ = {isa = PBXFileReference; lastKnownFileType = file.storyboard; name = Base; path = Base.lproj/LaunchScreen.storyboard; sourceTree = "<group>"; };
		DB425EB427C541F600FFCCB5 /* Info.plist */ = {isa = PBXFileReference; lastKnownFileType = text.plist.xml; path = Info.plist; sourceTree = "<group>"; };
		DB425EB927C541F700FFCCB5 /* VIPArchitectureSampleTests.xctest */ = {isa = PBXFileReference; explicitFileType = wrapper.cfbundle; includeInIndex = 0; path = VIPArchitectureSampleTests.xctest; sourceTree = BUILT_PRODUCTS_DIR; };
		DB425EBD27C541F700FFCCB5 /* VIPArchitectureSampleTests.swift */ = {isa = PBXFileReference; lastKnownFileType = sourcecode.swift; path = VIPArchitectureSampleTests.swift; sourceTree = "<group>"; };
		DB425EC327C541F700FFCCB5 /* VIPArchitectureSampleUITests.xctest */ = {isa = PBXFileReference; explicitFileType = wrapper.cfbundle; includeInIndex = 0; path = VIPArchitectureSampleUITests.xctest; sourceTree = BUILT_PRODUCTS_DIR; };
		DB425EC727C541F700FFCCB5 /* VIPArchitectureSampleUITests.swift */ = {isa = PBXFileReference; lastKnownFileType = sourcecode.swift; path = VIPArchitectureSampleUITests.swift; sourceTree = "<group>"; };
		DB425EC927C541F700FFCCB5 /* VIPArchitectureSampleUITestsLaunchTests.swift */ = {isa = PBXFileReference; lastKnownFileType = sourcecode.swift; path = VIPArchitectureSampleUITestsLaunchTests.swift; sourceTree = "<group>"; };
		DB425EDD27C5478200FFCCB5 /* R.generated.swift */ = {isa = PBXFileReference; fileEncoding = 4; lastKnownFileType = sourcecode.swift; path = R.generated.swift; sourceTree = "<group>"; };
		DB425F2027C54FBF00FFCCB5 /* Debug.xcconfig */ = {isa = PBXFileReference; lastKnownFileType = text.xcconfig; path = Debug.xcconfig; sourceTree = "<group>"; };
		DB425F2227C54FE900FFCCB5 /* Release.xcconfig */ = {isa = PBXFileReference; lastKnownFileType = text.xcconfig; path = Release.xcconfig; sourceTree = "<group>"; };
		DB425F2527C62AF100FFCCB5 /* LoaderView.swift */ = {isa = PBXFileReference; lastKnownFileType = sourcecode.swift; path = LoaderView.swift; sourceTree = "<group>"; };
		DB425F2827C62C2400FFCCB5 /* ErrorModel.swift */ = {isa = PBXFileReference; lastKnownFileType = sourcecode.swift; path = ErrorModel.swift; sourceTree = "<group>"; };
		DB425F2B27C62CCA00FFCCB5 /* UIViewController+AlertController.swift */ = {isa = PBXFileReference; fileEncoding = 4; lastKnownFileType = sourcecode.swift; path = "UIViewController+AlertController.swift"; sourceTree = "<group>"; };
		DB425F2D27C62CCA00FFCCB5 /* UIView+Additions.swift */ = {isa = PBXFileReference; fileEncoding = 4; lastKnownFileType = sourcecode.swift; path = "UIView+Additions.swift"; sourceTree = "<group>"; };
		DB425F2E27C62CCA00FFCCB5 /* String+Additions.swift */ = {isa = PBXFileReference; fileEncoding = 4; lastKnownFileType = sourcecode.swift; path = "String+Additions.swift"; sourceTree = "<group>"; };
		DB425F2F27C62CCA00FFCCB5 /* Dictionary+Additions.swift */ = {isa = PBXFileReference; fileEncoding = 4; lastKnownFileType = sourcecode.swift; path = "Dictionary+Additions.swift"; sourceTree = "<group>"; };
		DB425F3127C62CCA00FFCCB5 /* BaseViewController.swift */ = {isa = PBXFileReference; fileEncoding = 4; lastKnownFileType = sourcecode.swift; path = BaseViewController.swift; sourceTree = "<group>"; };
		DB425F3227C62CCA00FFCCB5 /* BaseView.swift */ = {isa = PBXFileReference; fileEncoding = 4; lastKnownFileType = sourcecode.swift; path = BaseView.swift; sourceTree = "<group>"; };
		DB425F3727C62CCB00FFCCB5 /* CustomNetworkError.swift */ = {isa = PBXFileReference; fileEncoding = 4; lastKnownFileType = sourcecode.swift; path = CustomNetworkError.swift; sourceTree = "<group>"; };
		DB425F3A27C62CCB00FFCCB5 /* APIConstants.swift */ = {isa = PBXFileReference; fileEncoding = 4; lastKnownFileType = sourcecode.swift; path = APIConstants.swift; sourceTree = "<group>"; };
		DB425F3B27C62CCB00FFCCB5 /* APIRouter.swift */ = {isa = PBXFileReference; fileEncoding = 4; lastKnownFileType = sourcecode.swift; path = APIRouter.swift; sourceTree = "<group>"; };
		DB425F3C27C62CCB00FFCCB5 /* EnviromentService.swift */ = {isa = PBXFileReference; fileEncoding = 4; lastKnownFileType = sourcecode.swift; path = EnviromentService.swift; sourceTree = "<group>"; };
		DB425F6627C6458800FFCCB5 /* ArtistsLastFM.swift */ = {isa = PBXFileReference; lastKnownFileType = sourcecode.swift; path = ArtistsLastFM.swift; sourceTree = "<group>"; };
		DB425F6827C645F900FFCCB5 /* AlbumsLastFM.swift */ = {isa = PBXFileReference; lastKnownFileType = sourcecode.swift; path = AlbumsLastFM.swift; sourceTree = "<group>"; };
		DB425F6A27C6466A00FFCCB5 /* CharactersRickAndMorty.swift */ = {isa = PBXFileReference; lastKnownFileType = sourcecode.swift; path = CharactersRickAndMorty.swift; sourceTree = "<group>"; };
		DB425F6C27C6482800FFCCB5 /* APIClient.swift */ = {isa = PBXFileReference; fileEncoding = 4; lastKnownFileType = sourcecode.swift; path = APIClient.swift; sourceTree = "<group>"; };
		DB425F7027C648D900FFCCB5 /* InitialSelectionFactorable.swift */ = {isa = PBXFileReference; lastKnownFileType = sourcecode.swift; path = InitialSelectionFactorable.swift; sourceTree = "<group>"; };
		DB425F7127C648D900FFCCB5 /* InitialSelectionPresenter.swift */ = {isa = PBXFileReference; lastKnownFileType = sourcecode.swift; path = InitialSelectionPresenter.swift; sourceTree = "<group>"; };
		DB425F7227C648D900FFCCB5 /* InitialSelectionRouter.swift */ = {isa = PBXFileReference; lastKnownFileType = sourcecode.swift; path = InitialSelectionRouter.swift; sourceTree = "<group>"; };
		DB425F7327C648D900FFCCB5 /* InitialSelectionViewController.swift */ = {isa = PBXFileReference; lastKnownFileType = sourcecode.swift; path = InitialSelectionViewController.swift; sourceTree = "<group>"; };
		DB425F7427C648D900FFCCB5 /* InitialSelectionInteractor.swift */ = {isa = PBXFileReference; lastKnownFileType = sourcecode.swift; path = InitialSelectionInteractor.swift; sourceTree = "<group>"; };
		DB425F7527C648D900FFCCB5 /* InitialSelectionView.swift */ = {isa = PBXFileReference; lastKnownFileType = sourcecode.swift; path = InitialSelectionView.swift; sourceTree = "<group>"; };
		DB425F7627C648D900FFCCB5 /* InitialSelectionModel.swift */ = {isa = PBXFileReference; lastKnownFileType = sourcecode.swift; path = InitialSelectionModel.swift; sourceTree = "<group>"; };
		DB425F7E27C6490600FFCCB5 /* AppInjector.swift */ = {isa = PBXFileReference; lastKnownFileType = sourcecode.swift; path = AppInjector.swift; sourceTree = "<group>"; };
		DB425F8127C6492E00FFCCB5 /* InitialSelectionView.xib */ = {isa = PBXFileReference; lastKnownFileType = file.xib; path = InitialSelectionView.xib; sourceTree = "<group>"; };
		DB425F8627C6543A00FFCCB5 /* ArtistsListFactorable.swift */ = {isa = PBXFileReference; lastKnownFileType = sourcecode.swift; path = ArtistsListFactorable.swift; sourceTree = "<group>"; };
		DB425F8727C6543A00FFCCB5 /* ArtistsListPresenter.swift */ = {isa = PBXFileReference; lastKnownFileType = sourcecode.swift; path = ArtistsListPresenter.swift; sourceTree = "<group>"; };
		DB425F8827C6543A00FFCCB5 /* ArtistsListRouter.swift */ = {isa = PBXFileReference; lastKnownFileType = sourcecode.swift; path = ArtistsListRouter.swift; sourceTree = "<group>"; };
		DB425F8927C6543A00FFCCB5 /* ArtistsListViewController.swift */ = {isa = PBXFileReference; lastKnownFileType = sourcecode.swift; path = ArtistsListViewController.swift; sourceTree = "<group>"; };
		DB425F8A27C6543A00FFCCB5 /* ArtistsListInteractor.swift */ = {isa = PBXFileReference; lastKnownFileType = sourcecode.swift; path = ArtistsListInteractor.swift; sourceTree = "<group>"; };
		DB425F8B27C6543A00FFCCB5 /* ArtistsListView.swift */ = {isa = PBXFileReference; lastKnownFileType = sourcecode.swift; path = ArtistsListView.swift; sourceTree = "<group>"; };
		DB425F8C27C6543A00FFCCB5 /* ArtistsListModel.swift */ = {isa = PBXFileReference; lastKnownFileType = sourcecode.swift; path = ArtistsListModel.swift; sourceTree = "<group>"; };
		DB425F9527C6545200FFCCB5 /* ArtistsListView.xib */ = {isa = PBXFileReference; lastKnownFileType = file.xib; path = ArtistsListView.xib; sourceTree = "<group>"; };
		DB425F9827C659BD00FFCCB5 /* ArtistTableViewCell.swift */ = {isa = PBXFileReference; fileEncoding = 4; lastKnownFileType = sourcecode.swift; path = ArtistTableViewCell.swift; sourceTree = "<group>"; };
		DB425F9927C659BD00FFCCB5 /* ArtistTableViewCell.xib */ = {isa = PBXFileReference; fileEncoding = 4; lastKnownFileType = file.xib; path = ArtistTableViewCell.xib; sourceTree = "<group>"; };
		DB425FAE27C664E100FFCCB5 /* CharactersListRickMortyTableViewCell.xib */ = {isa = PBXFileReference; fileEncoding = 4; lastKnownFileType = file.xib; path = CharactersListRickMortyTableViewCell.xib; sourceTree = "<group>"; };
		DB425FAF27C664E100FFCCB5 /* CharactersListRickMortyTableViewCell.swift */ = {isa = PBXFileReference; fileEncoding = 4; lastKnownFileType = sourcecode.swift; path = CharactersListRickMortyTableViewCell.swift; sourceTree = "<group>"; };
		DB425FB227C6662F00FFCCB5 /* CharactersListRickMortyView.xib */ = {isa = PBXFileReference; lastKnownFileType = file.xib; path = CharactersListRickMortyView.xib; sourceTree = "<group>"; };
		DB425FB527C66BC800FFCCB5 /* CharactersListRickMortyView.swift */ = {isa = PBXFileReference; fileEncoding = 4; lastKnownFileType = sourcecode.swift; path = CharactersListRickMortyView.swift; sourceTree = "<group>"; };
		DB425FB627C66BC800FFCCB5 /* CharactersListRickMortyInteractor.swift */ = {isa = PBXFileReference; fileEncoding = 4; lastKnownFileType = sourcecode.swift; path = CharactersListRickMortyInteractor.swift; sourceTree = "<group>"; };
		DB425FB727C66BC800FFCCB5 /* CharactersListRickMortyRouter.swift */ = {isa = PBXFileReference; fileEncoding = 4; lastKnownFileType = sourcecode.swift; path = CharactersListRickMortyRouter.swift; sourceTree = "<group>"; };
		DB425FB827C66BC800FFCCB5 /* CharactersListRickMortyPresenter.swift */ = {isa = PBXFileReference; fileEncoding = 4; lastKnownFileType = sourcecode.swift; path = CharactersListRickMortyPresenter.swift; sourceTree = "<group>"; };
		DB425FB927C66BC800FFCCB5 /* CharactersListRickMortyViewController.swift */ = {isa = PBXFileReference; fileEncoding = 4; lastKnownFileType = sourcecode.swift; path = CharactersListRickMortyViewController.swift; sourceTree = "<group>"; };
		DB425FBA27C66BC800FFCCB5 /* CharactersListRickMortyModel.swift */ = {isa = PBXFileReference; fileEncoding = 4; lastKnownFileType = sourcecode.swift; path = CharactersListRickMortyModel.swift; sourceTree = "<group>"; };
		DB425FBB27C66BC800FFCCB5 /* CharactersListRickMortyFactorable.swift */ = {isa = PBXFileReference; fileEncoding = 4; lastKnownFileType = sourcecode.swift; path = CharactersListRickMortyFactorable.swift; sourceTree = "<group>"; };
		DB425FC427C66E3F00FFCCB5 /* ItemComic.swift */ = {isa = PBXFileReference; fileEncoding = 4; lastKnownFileType = sourcecode.swift; path = ItemComic.swift; sourceTree = "<group>"; };
		DB425FC527C66E3F00FFCCB5 /* ItemSeries.swift */ = {isa = PBXFileReference; fileEncoding = 4; lastKnownFileType = sourcecode.swift; path = ItemSeries.swift; sourceTree = "<group>"; };
		DB425FC627C66E3F00FFCCB5 /* Event.swift */ = {isa = PBXFileReference; fileEncoding = 4; lastKnownFileType = sourcecode.swift; path = Event.swift; sourceTree = "<group>"; };
		DB425FC727C66E3F00FFCCB5 /* Thumbnail.swift */ = {isa = PBXFileReference; fileEncoding = 4; lastKnownFileType = sourcecode.swift; path = Thumbnail.swift; sourceTree = "<group>"; };
		DB425FC827C66E3F00FFCCB5 /* Result.swift */ = {isa = PBXFileReference; fileEncoding = 4; lastKnownFileType = sourcecode.swift; path = Result.swift; sourceTree = "<group>"; };
		DB425FC927C66E3F00FFCCB5 /* Comic.swift */ = {isa = PBXFileReference; fileEncoding = 4; lastKnownFileType = sourcecode.swift; path = Comic.swift; sourceTree = "<group>"; };
		DB425FCA27C66E3F00FFCCB5 /* Series.swift */ = {isa = PBXFileReference; fileEncoding = 4; lastKnownFileType = sourcecode.swift; path = Series.swift; sourceTree = "<group>"; };
		DB425FCB27C66E3F00FFCCB5 /* ItemEvent.swift */ = {isa = PBXFileReference; fileEncoding = 4; lastKnownFileType = sourcecode.swift; path = ItemEvent.swift; sourceTree = "<group>"; };
		DB425FCC27C66E3F00FFCCB5 /* ItemStory.swift */ = {isa = PBXFileReference; fileEncoding = 4; lastKnownFileType = sourcecode.swift; path = ItemStory.swift; sourceTree = "<group>"; };
		DB425FCD27C66E3F00FFCCB5 /* Datum.swift */ = {isa = PBXFileReference; fileEncoding = 4; lastKnownFileType = sourcecode.swift; path = Datum.swift; sourceTree = "<group>"; };
		DB425FCE27C66E3F00FFCCB5 /* Url.swift */ = {isa = PBXFileReference; fileEncoding = 4; lastKnownFileType = sourcecode.swift; path = Url.swift; sourceTree = "<group>"; };
		DB425FCF27C66E3F00FFCCB5 /* CharactersListMarvel.swift */ = {isa = PBXFileReference; fileEncoding = 4; lastKnownFileType = sourcecode.swift; path = CharactersListMarvel.swift; sourceTree = "<group>"; };
		DB425FD027C66E3F00FFCCB5 /* Story.swift */ = {isa = PBXFileReference; fileEncoding = 4; lastKnownFileType = sourcecode.swift; path = Story.swift; sourceTree = "<group>"; };
		DB425FDF27C66FD800FFCCB5 /* CharacterDetailMarvelPresenter.swift */ = {isa = PBXFileReference; fileEncoding = 4; lastKnownFileType = sourcecode.swift; path = CharacterDetailMarvelPresenter.swift; sourceTree = "<group>"; };
		DB425FE027C66FD800FFCCB5 /* CharacterDetailMarvelFactorable.swift */ = {isa = PBXFileReference; fileEncoding = 4; lastKnownFileType = sourcecode.swift; path = CharacterDetailMarvelFactorable.swift; sourceTree = "<group>"; };
		DB425FE127C66FD800FFCCB5 /* CharacterDetailMarvelRouter.swift */ = {isa = PBXFileReference; fileEncoding = 4; lastKnownFileType = sourcecode.swift; path = CharacterDetailMarvelRouter.swift; sourceTree = "<group>"; };
		DB425FE227C66FD800FFCCB5 /* CharacterDetailMarvelViewController.swift */ = {isa = PBXFileReference; fileEncoding = 4; lastKnownFileType = sourcecode.swift; path = CharacterDetailMarvelViewController.swift; sourceTree = "<group>"; };
		DB425FE327C66FD800FFCCB5 /* CharacterDetailMarvelInteractor.swift */ = {isa = PBXFileReference; fileEncoding = 4; lastKnownFileType = sourcecode.swift; path = CharacterDetailMarvelInteractor.swift; sourceTree = "<group>"; };
		DB425FE427C66FD800FFCCB5 /* CharacterDetailMarvelModel.swift */ = {isa = PBXFileReference; fileEncoding = 4; lastKnownFileType = sourcecode.swift; path = CharacterDetailMarvelModel.swift; sourceTree = "<group>"; };
		DB425FE627C66FD800FFCCB5 /* CharacterDetailMarvelView.xib */ = {isa = PBXFileReference; fileEncoding = 4; lastKnownFileType = file.xib; path = CharacterDetailMarvelView.xib; sourceTree = "<group>"; };
		DB425FE827C66FD800FFCCB5 /* CharacterDetailMarvelTableViewCell.xib */ = {isa = PBXFileReference; fileEncoding = 4; lastKnownFileType = file.xib; path = CharacterDetailMarvelTableViewCell.xib; sourceTree = "<group>"; };
		DB425FE927C66FD800FFCCB5 /* CharacterDetailMarvelTableViewCell.swift */ = {isa = PBXFileReference; fileEncoding = 4; lastKnownFileType = sourcecode.swift; path = CharacterDetailMarvelTableViewCell.swift; sourceTree = "<group>"; };
		DB425FEA27C66FD800FFCCB5 /* CharacterDetailMarvelView.swift */ = {isa = PBXFileReference; fileEncoding = 4; lastKnownFileType = sourcecode.swift; path = CharacterDetailMarvelView.swift; sourceTree = "<group>"; };
		DB425FEC27C66FD900FFCCB5 /* CharactersListMarvelFactorable.swift */ = {isa = PBXFileReference; fileEncoding = 4; lastKnownFileType = sourcecode.swift; path = CharactersListMarvelFactorable.swift; sourceTree = "<group>"; };
		DB425FED27C66FD900FFCCB5 /* CharactersListMarvelViewController.swift */ = {isa = PBXFileReference; fileEncoding = 4; lastKnownFileType = sourcecode.swift; path = CharactersListMarvelViewController.swift; sourceTree = "<group>"; };
		DB425FEE27C66FD900FFCCB5 /* CharactersListMarvelModel.swift */ = {isa = PBXFileReference; fileEncoding = 4; lastKnownFileType = sourcecode.swift; path = CharactersListMarvelModel.swift; sourceTree = "<group>"; };
		DB425FEF27C66FD900FFCCB5 /* CharactersListMarvelInteractor.swift */ = {isa = PBXFileReference; fileEncoding = 4; lastKnownFileType = sourcecode.swift; path = CharactersListMarvelInteractor.swift; sourceTree = "<group>"; };
		DB425FF027C66FD900FFCCB5 /* CharactersListMarvelPresenter.swift */ = {isa = PBXFileReference; fileEncoding = 4; lastKnownFileType = sourcecode.swift; path = CharactersListMarvelPresenter.swift; sourceTree = "<group>"; };
		DB425FF127C66FD900FFCCB5 /* CharactersListMarvelRouter.swift */ = {isa = PBXFileReference; fileEncoding = 4; lastKnownFileType = sourcecode.swift; path = CharactersListMarvelRouter.swift; sourceTree = "<group>"; };
		DB425FF327C66FD900FFCCB5 /* CharactersListMarvelView.swift */ = {isa = PBXFileReference; fileEncoding = 4; lastKnownFileType = sourcecode.swift; path = CharactersListMarvelView.swift; sourceTree = "<group>"; };
		DB425FF527C66FD900FFCCB5 /* CharacterListMarvelTableViewCell.xib */ = {isa = PBXFileReference; fileEncoding = 4; lastKnownFileType = file.xib; path = CharacterListMarvelTableViewCell.xib; sourceTree = "<group>"; };
		DB425FF627C66FD900FFCCB5 /* CharacterListMarvelTableViewCell.swift */ = {isa = PBXFileReference; fileEncoding = 4; lastKnownFileType = sourcecode.swift; path = CharacterListMarvelTableViewCell.swift; sourceTree = "<group>"; };
		DB425FF727C66FD900FFCCB5 /* CharactersListMarvelView.xib */ = {isa = PBXFileReference; fileEncoding = 4; lastKnownFileType = file.xib; path = CharactersListMarvelView.xib; sourceTree = "<group>"; };
		DB7D59A627C68E680093370A /* UIColor+Additions.swift */ = {isa = PBXFileReference; lastKnownFileType = sourcecode.swift; path = "UIColor+Additions.swift"; sourceTree = "<group>"; };
		DB7D59A827C799370093370A /* ArtistDetailFactorable.swift */ = {isa = PBXFileReference; lastKnownFileType = sourcecode.swift; path = ArtistDetailFactorable.swift; sourceTree = "<group>"; };
		DB7D59A927C799370093370A /* ArtistDetailPresenter.swift */ = {isa = PBXFileReference; lastKnownFileType = sourcecode.swift; path = ArtistDetailPresenter.swift; sourceTree = "<group>"; };
		DB7D59AA27C799370093370A /* ArtistDetailRouter.swift */ = {isa = PBXFileReference; lastKnownFileType = sourcecode.swift; path = ArtistDetailRouter.swift; sourceTree = "<group>"; };
		DB7D59AB27C799370093370A /* ArtistDetailViewController.swift */ = {isa = PBXFileReference; lastKnownFileType = sourcecode.swift; path = ArtistDetailViewController.swift; sourceTree = "<group>"; };
		DB7D59AC27C799370093370A /* ArtistDetailInteractor.swift */ = {isa = PBXFileReference; lastKnownFileType = sourcecode.swift; path = ArtistDetailInteractor.swift; sourceTree = "<group>"; };
		DB7D59AD27C799370093370A /* ArtistDetailView.swift */ = {isa = PBXFileReference; lastKnownFileType = sourcecode.swift; path = ArtistDetailView.swift; sourceTree = "<group>"; };
		DB7D59AE27C799370093370A /* ArtistDetailModel.swift */ = {isa = PBXFileReference; lastKnownFileType = sourcecode.swift; path = ArtistDetailModel.swift; sourceTree = "<group>"; };
		DB7D59B827C79E680093370A /* ArtistDetailTableViewCell.swift */ = {isa = PBXFileReference; fileEncoding = 4; lastKnownFileType = sourcecode.swift; path = ArtistDetailTableViewCell.swift; sourceTree = "<group>"; };
		DB7D59B927C79E680093370A /* ArtistDetailTableViewCell.xib */ = {isa = PBXFileReference; fileEncoding = 4; lastKnownFileType = file.xib; path = ArtistDetailTableViewCell.xib; sourceTree = "<group>"; };
		DB7D59BC27C79EEA0093370A /* ArtistDetailView.xib */ = {isa = PBXFileReference; lastKnownFileType = file.xib; path = ArtistDetailView.xib; sourceTree = "<group>"; };
		E51607890E386483BADBBD01 /* Pods-VIPArchitectureSampleUITests.debug.xcconfig */ = {isa = PBXFileReference; includeInIndex = 1; lastKnownFileType = text.xcconfig; name = "Pods-VIPArchitectureSampleUITests.debug.xcconfig"; path = "Target Support Files/Pods-VIPArchitectureSampleUITests/Pods-VIPArchitectureSampleUITests.debug.xcconfig"; sourceTree = "<group>"; };
		EF8B7FCD7D6C531E8EF3831E /* Pods-VIPArchitectureSampleTests.debug.xcconfig */ = {isa = PBXFileReference; includeInIndex = 1; lastKnownFileType = text.xcconfig; name = "Pods-VIPArchitectureSampleTests.debug.xcconfig"; path = "Target Support Files/Pods-VIPArchitectureSampleTests/Pods-VIPArchitectureSampleTests.debug.xcconfig"; sourceTree = "<group>"; };
/* End PBXFileReference section */

/* Begin PBXFrameworksBuildPhase section */
		DB425EA027C541F200FFCCB5 /* Frameworks */ = {
			isa = PBXFrameworksBuildPhase;
			buildActionMask = 2147483647;
			files = (
				1DDB10BD84698E573DBA6C16 /* Pods_VIPArchitectureSample.framework in Frameworks */,
			);
			runOnlyForDeploymentPostprocessing = 0;
		};
		DB425EB627C541F700FFCCB5 /* Frameworks */ = {
			isa = PBXFrameworksBuildPhase;
			buildActionMask = 2147483647;
			files = (
				501D55491E91640C3D245DE6 /* Pods_VIPArchitectureSampleTests.framework in Frameworks */,
			);
			runOnlyForDeploymentPostprocessing = 0;
		};
		DB425EC027C541F700FFCCB5 /* Frameworks */ = {
			isa = PBXFrameworksBuildPhase;
			buildActionMask = 2147483647;
			files = (
				68D6D2E69207D9308840656E /* Pods_VIPArchitectureSampleUITests.framework in Frameworks */,
			);
			runOnlyForDeploymentPostprocessing = 0;
		};
/* End PBXFrameworksBuildPhase section */

/* Begin PBXGroup section */
		21E1666EE8C377C7A896FEBD /* Pods */ = {
			isa = PBXGroup;
			children = (
				A02573D7B2E10F767A5FA5ED /* Pods-VIPArchitectureSample.debug.xcconfig */,
				2D20395CC49611155F5DBA17 /* Pods-VIPArchitectureSample.release.xcconfig */,
				808B658427786E0CAF07F9BF /* Pods-VIPArchitectureSample-VIPArchitectureSampleUITests.debug.xcconfig */,
				716CFB32FFDB6BF296331F62 /* Pods-VIPArchitectureSample-VIPArchitectureSampleUITests.release.xcconfig */,
				EF8B7FCD7D6C531E8EF3831E /* Pods-VIPArchitectureSampleTests.debug.xcconfig */,
				1ACBA5EFA1F8336F9565313D /* Pods-VIPArchitectureSampleTests.release.xcconfig */,
				E51607890E386483BADBBD01 /* Pods-VIPArchitectureSampleUITests.debug.xcconfig */,
				59EB2190139C0E41B2805112 /* Pods-VIPArchitectureSampleUITests.release.xcconfig */,
			);
			path = Pods;
			sourceTree = "<group>";
		};
		59E3114621AFD1BE96763C9F /* Frameworks */ = {
			isa = PBXGroup;
			children = (
				22F1B4A380D11BF833B9D21E /* Pods_VIPArchitectureSample.framework */,
				10E8DF25075722ACD28C1FB0 /* Pods_VIPArchitectureSampleTests.framework */,
				1BD860186162C452F98D9AE9 /* Pods_VIPArchitectureSampleUITests.framework */,
			);
			name = Frameworks;
			sourceTree = "<group>";
		};
		DB425E9A27C541F200FFCCB5 = {
			isa = PBXGroup;
			children = (
				DB425EA527C541F200FFCCB5 /* VIPArchitectureSample */,
				DB425EBC27C541F700FFCCB5 /* VIPArchitectureSampleTests */,
				DB425EC627C541F700FFCCB5 /* VIPArchitectureSampleUITests */,
				DB425EA427C541F200FFCCB5 /* Products */,
				21E1666EE8C377C7A896FEBD /* Pods */,
				59E3114621AFD1BE96763C9F /* Frameworks */,
			);
			sourceTree = "<group>";
		};
		DB425EA427C541F200FFCCB5 /* Products */ = {
			isa = PBXGroup;
			children = (
				DB425EA327C541F200FFCCB5 /* VIPArchitectureSample.app */,
				DB425EB927C541F700FFCCB5 /* VIPArchitectureSampleTests.xctest */,
				DB425EC327C541F700FFCCB5 /* VIPArchitectureSampleUITests.xctest */,
			);
			name = Products;
			sourceTree = "<group>";
		};
		DB425EA527C541F200FFCCB5 /* VIPArchitectureSample */ = {
			isa = PBXGroup;
			children = (
				DB425ED727C544FB00FFCCB5 /* Infraestructure */,
				DB425ED627C544A300FFCCB5 /* Common */,
				DB425F6E27C6486500FFCCB5 /* Scenes */,
				DB425EAC27C541F200FFCCB5 /* Main.storyboard */,
				DB425EAA27C541F200FFCCB5 /* ViewController.swift */,
				DB425EB127C541F600FFCCB5 /* LaunchScreen.storyboard */,
			);
			path = VIPArchitectureSample;
			sourceTree = "<group>";
		};
		DB425EBC27C541F700FFCCB5 /* VIPArchitectureSampleTests */ = {
			isa = PBXGroup;
			children = (
				DB425EBD27C541F700FFCCB5 /* VIPArchitectureSampleTests.swift */,
			);
			path = VIPArchitectureSampleTests;
			sourceTree = "<group>";
		};
		DB425EC627C541F700FFCCB5 /* VIPArchitectureSampleUITests */ = {
			isa = PBXGroup;
			children = (
				DB425EC727C541F700FFCCB5 /* VIPArchitectureSampleUITests.swift */,
				DB425EC927C541F700FFCCB5 /* VIPArchitectureSampleUITestsLaunchTests.swift */,
			);
			path = VIPArchitectureSampleUITests;
			sourceTree = "<group>";
		};
		DB425ED627C544A300FFCCB5 /* Common */ = {
			isa = PBXGroup;
			children = (
				DB425F2A27C62CCA00FFCCB5 /* AlertController */,
				DB425F3027C62CCA00FFCCB5 /* Base */,
				DB425F2C27C62CCA00FFCCB5 /* Extensions */,
				DB425F3327C62CCB00FFCCB5 /* Services */,
				DB425F2727C62C1400FFCCB5 /* Error */,
				DB425F2427C62AE200FFCCB5 /* LoaderView */,
				DB425F1F27C54FA300FFCCB5 /* Enviroment */,
			);
			path = Common;
			sourceTree = "<group>";
		};
		DB425ED727C544FB00FFCCB5 /* Infraestructure */ = {
			isa = PBXGroup;
			children = (
				DB425EB427C541F600FFCCB5 /* Info.plist */,
				DB425EA627C541F200FFCCB5 /* AppDelegate.swift */,
				DB425ED927C5453000FFCCB5 /* Resources */,
				DB425ED827C5452900FFCCB5 /* ArchitectureSupport */,
			);
			path = Infraestructure;
			sourceTree = "<group>";
		};
		DB425ED827C5452900FFCCB5 /* ArchitectureSupport */ = {
			isa = PBXGroup;
			children = (
				DB425F7E27C6490600FFCCB5 /* AppInjector.swift */,
			);
			path = ArchitectureSupport;
			sourceTree = "<group>";
		};
		DB425ED927C5453000FFCCB5 /* Resources */ = {
			isa = PBXGroup;
			children = (
				DB425EDD27C5478200FFCCB5 /* R.generated.swift */,
				DB425EAF27C541F600FFCCB5 /* Assets.xcassets */,
			);
			path = Resources;
			sourceTree = "<group>";
		};
		DB425F1F27C54FA300FFCCB5 /* Enviroment */ = {
			isa = PBXGroup;
			children = (
				DB425F2027C54FBF00FFCCB5 /* Debug.xcconfig */,
				DB425F2227C54FE900FFCCB5 /* Release.xcconfig */,
			);
			path = Enviroment;
			sourceTree = "<group>";
		};
		DB425F2427C62AE200FFCCB5 /* LoaderView */ = {
			isa = PBXGroup;
			children = (
				DB425F2527C62AF100FFCCB5 /* LoaderView.swift */,
			);
			path = LoaderView;
			sourceTree = "<group>";
		};
		DB425F2727C62C1400FFCCB5 /* Error */ = {
			isa = PBXGroup;
			children = (
				DB425F2827C62C2400FFCCB5 /* ErrorModel.swift */,
			);
			path = Error;
			sourceTree = "<group>";
		};
		DB425F2A27C62CCA00FFCCB5 /* AlertController */ = {
			isa = PBXGroup;
			children = (
				DB425F2B27C62CCA00FFCCB5 /* UIViewController+AlertController.swift */,
			);
			path = AlertController;
			sourceTree = "<group>";
		};
		DB425F2C27C62CCA00FFCCB5 /* Extensions */ = {
			isa = PBXGroup;
			children = (
				DB425F2D27C62CCA00FFCCB5 /* UIView+Additions.swift */,
				DB425F2E27C62CCA00FFCCB5 /* String+Additions.swift */,
				DB425F2F27C62CCA00FFCCB5 /* Dictionary+Additions.swift */,
				DB7D59A627C68E680093370A /* UIColor+Additions.swift */,
			);
			path = Extensions;
			sourceTree = "<group>";
		};
		DB425F3027C62CCA00FFCCB5 /* Base */ = {
			isa = PBXGroup;
			children = (
				DB425F3127C62CCA00FFCCB5 /* BaseViewController.swift */,
				DB425F3227C62CCA00FFCCB5 /* BaseView.swift */,
			);
			path = Base;
			sourceTree = "<group>";
		};
		DB425F3327C62CCB00FFCCB5 /* Services */ = {
			isa = PBXGroup;
			children = (
				DB425F3427C62CCB00FFCCB5 /* Network */,
			);
			path = Services;
			sourceTree = "<group>";
		};
		DB425F3427C62CCB00FFCCB5 /* Network */ = {
			isa = PBXGroup;
			children = (
				DB425F3727C62CCB00FFCCB5 /* CustomNetworkError.swift */,
				DB425F3827C62CCB00FFCCB5 /* APIClient */,
				DB425F3C27C62CCB00FFCCB5 /* EnviromentService.swift */,
				DB425F3D27C62CCB00FFCCB5 /* Models */,
			);
			path = Network;
			sourceTree = "<group>";
		};
		DB425F3827C62CCB00FFCCB5 /* APIClient */ = {
			isa = PBXGroup;
			children = (
				DB425F6C27C6482800FFCCB5 /* APIClient.swift */,
				DB425F3A27C62CCB00FFCCB5 /* APIConstants.swift */,
				DB425F3B27C62CCB00FFCCB5 /* APIRouter.swift */,
			);
			path = APIClient;
			sourceTree = "<group>";
		};
		DB425F3D27C62CCB00FFCCB5 /* Models */ = {
			isa = PBXGroup;
			children = (
				DB425FC327C66E3F00FFCCB5 /* Marvel */,
				DB425F6527C6453200FFCCB5 /* Rick&Morty */,
				DB425F6427C6452B00FFCCB5 /* LastFM */,
			);
			path = Models;
			sourceTree = "<group>";
		};
		DB425F6427C6452B00FFCCB5 /* LastFM */ = {
			isa = PBXGroup;
			children = (
				DB425F6627C6458800FFCCB5 /* ArtistsLastFM.swift */,
				DB425F6827C645F900FFCCB5 /* AlbumsLastFM.swift */,
			);
			path = LastFM;
			sourceTree = "<group>";
		};
		DB425F6527C6453200FFCCB5 /* Rick&Morty */ = {
			isa = PBXGroup;
			children = (
				DB425F6A27C6466A00FFCCB5 /* CharactersRickAndMorty.swift */,
			);
			path = "Rick&Morty";
			sourceTree = "<group>";
		};
		DB425F6E27C6486500FFCCB5 /* Scenes */ = {
			isa = PBXGroup;
			children = (
				DB425F6F27C6489C00FFCCB5 /* InitialSelection */,
				DB425FB427C66B3600FFCCB5 /* Marvel */,
				DB425F9C27C6603C00FFCCB5 /* RickAndMorty */,
				DB425F8327C653ED00FFCCB5 /* LastFM */,
			);
			path = Scenes;
			sourceTree = "<group>";
		};
		DB425F6F27C6489C00FFCCB5 /* InitialSelection */ = {
			isa = PBXGroup;
			children = (
				DB425F8027C6491B00FFCCB5 /* Views */,
				DB425F7027C648D900FFCCB5 /* InitialSelectionFactorable.swift */,
				DB425F7127C648D900FFCCB5 /* InitialSelectionPresenter.swift */,
				DB425F7227C648D900FFCCB5 /* InitialSelectionRouter.swift */,
				DB425F7327C648D900FFCCB5 /* InitialSelectionViewController.swift */,
				DB425F7427C648D900FFCCB5 /* InitialSelectionInteractor.swift */,
				DB425F7627C648D900FFCCB5 /* InitialSelectionModel.swift */,
			);
			path = InitialSelection;
			sourceTree = "<group>";
		};
		DB425F8027C6491B00FFCCB5 /* Views */ = {
			isa = PBXGroup;
			children = (
				DB425F7527C648D900FFCCB5 /* InitialSelectionView.swift */,
				DB425F8127C6492E00FFCCB5 /* InitialSelectionView.xib */,
			);
			path = Views;
			sourceTree = "<group>";
		};
		DB425F8327C653ED00FFCCB5 /* LastFM */ = {
			isa = PBXGroup;
			children = (
				DB425F8527C6541D00FFCCB5 /* ArtistDetail */,
				DB425F8427C653F800FFCCB5 /* ArtistsList */,
			);
			path = LastFM;
			sourceTree = "<group>";
		};
		DB425F8427C653F800FFCCB5 /* ArtistsList */ = {
			isa = PBXGroup;
			children = (
				DB425F9427C6543E00FFCCB5 /* Views */,
				DB425F8627C6543A00FFCCB5 /* ArtistsListFactorable.swift */,
				DB425F8727C6543A00FFCCB5 /* ArtistsListPresenter.swift */,
				DB425F8827C6543A00FFCCB5 /* ArtistsListRouter.swift */,
				DB425F8927C6543A00FFCCB5 /* ArtistsListViewController.swift */,
				DB425F8A27C6543A00FFCCB5 /* ArtistsListInteractor.swift */,
				DB425F8C27C6543A00FFCCB5 /* ArtistsListModel.swift */,
			);
			path = ArtistsList;
			sourceTree = "<group>";
		};
		DB425F8527C6541D00FFCCB5 /* ArtistDetail */ = {
			isa = PBXGroup;
			children = (
				DB7D59B627C7993B0093370A /* Views */,
				DB7D59A827C799370093370A /* ArtistDetailFactorable.swift */,
				DB7D59A927C799370093370A /* ArtistDetailPresenter.swift */,
				DB7D59AA27C799370093370A /* ArtistDetailRouter.swift */,
				DB7D59AB27C799370093370A /* ArtistDetailViewController.swift */,
				DB7D59AC27C799370093370A /* ArtistDetailInteractor.swift */,
				DB7D59AE27C799370093370A /* ArtistDetailModel.swift */,
			);
			path = ArtistDetail;
			sourceTree = "<group>";
		};
		DB425F9427C6543E00FFCCB5 /* Views */ = {
			isa = PBXGroup;
			children = (
				DB425F9727C659B300FFCCB5 /* Cells */,
				DB425F8B27C6543A00FFCCB5 /* ArtistsListView.swift */,
				DB425F9527C6545200FFCCB5 /* ArtistsListView.xib */,
			);
			path = Views;
			sourceTree = "<group>";
		};
		DB425F9727C659B300FFCCB5 /* Cells */ = {
			isa = PBXGroup;
			children = (
				DB425F9827C659BD00FFCCB5 /* ArtistTableViewCell.swift */,
				DB425F9927C659BD00FFCCB5 /* ArtistTableViewCell.xib */,
			);
			path = Cells;
			sourceTree = "<group>";
		};
		DB425F9C27C6603C00FFCCB5 /* RickAndMorty */ = {
			isa = PBXGroup;
			children = (
				DB425F9D27C6605D00FFCCB5 /* CharactersListRickMorty */,
			);
			path = RickAndMorty;
			sourceTree = "<group>";
		};
		DB425F9D27C6605D00FFCCB5 /* CharactersListRickMorty */ = {
			isa = PBXGroup;
			children = (
				DB425FBB27C66BC800FFCCB5 /* CharactersListRickMortyFactorable.swift */,
				DB425FB627C66BC800FFCCB5 /* CharactersListRickMortyInteractor.swift */,
				DB425FBA27C66BC800FFCCB5 /* CharactersListRickMortyModel.swift */,
				DB425FB827C66BC800FFCCB5 /* CharactersListRickMortyPresenter.swift */,
				DB425FB727C66BC800FFCCB5 /* CharactersListRickMortyRouter.swift */,
				DB425FB927C66BC800FFCCB5 /* CharactersListRickMortyViewController.swift */,
				DB425F9E27C6606D00FFCCB5 /* Views */,
			);
			path = CharactersListRickMorty;
			sourceTree = "<group>";
		};
		DB425F9E27C6606D00FFCCB5 /* Views */ = {
			isa = PBXGroup;
			children = (
				DB425FB527C66BC800FFCCB5 /* CharactersListRickMortyView.swift */,
				DB425FB227C6662F00FFCCB5 /* CharactersListRickMortyView.xib */,
				DB425FAD27C664A000FFCCB5 /* Cells */,
			);
			path = Views;
			sourceTree = "<group>";
		};
		DB425FAD27C664A000FFCCB5 /* Cells */ = {
			isa = PBXGroup;
			children = (
				DB425FAF27C664E100FFCCB5 /* CharactersListRickMortyTableViewCell.swift */,
				DB425FAE27C664E100FFCCB5 /* CharactersListRickMortyTableViewCell.xib */,
			);
			path = Cells;
			sourceTree = "<group>";
		};
		DB425FB427C66B3600FFCCB5 /* Marvel */ = {
			isa = PBXGroup;
			children = (
				DB425FDE27C66FD800FFCCB5 /* CharacterDetailMarvel */,
				DB425FEB27C66FD900FFCCB5 /* CharactersListMarvel */,
			);
			path = Marvel;
			sourceTree = "<group>";
		};
		DB425FC327C66E3F00FFCCB5 /* Marvel */ = {
			isa = PBXGroup;
			children = (
				DB425FC427C66E3F00FFCCB5 /* ItemComic.swift */,
				DB425FC527C66E3F00FFCCB5 /* ItemSeries.swift */,
				DB425FC627C66E3F00FFCCB5 /* Event.swift */,
				DB425FC727C66E3F00FFCCB5 /* Thumbnail.swift */,
				DB425FC827C66E3F00FFCCB5 /* Result.swift */,
				DB425FC927C66E3F00FFCCB5 /* Comic.swift */,
				DB425FCA27C66E3F00FFCCB5 /* Series.swift */,
				DB425FCB27C66E3F00FFCCB5 /* ItemEvent.swift */,
				DB425FCC27C66E3F00FFCCB5 /* ItemStory.swift */,
				DB425FCD27C66E3F00FFCCB5 /* Datum.swift */,
				DB425FCE27C66E3F00FFCCB5 /* Url.swift */,
				DB425FCF27C66E3F00FFCCB5 /* CharactersListMarvel.swift */,
				DB425FD027C66E3F00FFCCB5 /* Story.swift */,
			);
			path = Marvel;
			sourceTree = "<group>";
		};
		DB425FDE27C66FD800FFCCB5 /* CharacterDetailMarvel */ = {
			isa = PBXGroup;
			children = (
				DB425FDF27C66FD800FFCCB5 /* CharacterDetailMarvelPresenter.swift */,
				DB425FE027C66FD800FFCCB5 /* CharacterDetailMarvelFactorable.swift */,
				DB425FE127C66FD800FFCCB5 /* CharacterDetailMarvelRouter.swift */,
				DB425FE227C66FD800FFCCB5 /* CharacterDetailMarvelViewController.swift */,
				DB425FE327C66FD800FFCCB5 /* CharacterDetailMarvelInteractor.swift */,
				DB425FE427C66FD800FFCCB5 /* CharacterDetailMarvelModel.swift */,
				DB425FE527C66FD800FFCCB5 /* Views */,
			);
			path = CharacterDetailMarvel;
			sourceTree = "<group>";
		};
		DB425FE527C66FD800FFCCB5 /* Views */ = {
			isa = PBXGroup;
			children = (
				DB425FE627C66FD800FFCCB5 /* CharacterDetailMarvelView.xib */,
				DB425FE727C66FD800FFCCB5 /* Cells */,
				DB425FEA27C66FD800FFCCB5 /* CharacterDetailMarvelView.swift */,
			);
			path = Views;
			sourceTree = "<group>";
		};
		DB425FE727C66FD800FFCCB5 /* Cells */ = {
			isa = PBXGroup;
			children = (
				DB425FE827C66FD800FFCCB5 /* CharacterDetailMarvelTableViewCell.xib */,
				DB425FE927C66FD800FFCCB5 /* CharacterDetailMarvelTableViewCell.swift */,
			);
			path = Cells;
			sourceTree = "<group>";
		};
		DB425FEB27C66FD900FFCCB5 /* CharactersListMarvel */ = {
			isa = PBXGroup;
			children = (
				DB425FEC27C66FD900FFCCB5 /* CharactersListMarvelFactorable.swift */,
				DB425FED27C66FD900FFCCB5 /* CharactersListMarvelViewController.swift */,
				DB425FEE27C66FD900FFCCB5 /* CharactersListMarvelModel.swift */,
				DB425FEF27C66FD900FFCCB5 /* CharactersListMarvelInteractor.swift */,
				DB425FF027C66FD900FFCCB5 /* CharactersListMarvelPresenter.swift */,
				DB425FF127C66FD900FFCCB5 /* CharactersListMarvelRouter.swift */,
				DB425FF227C66FD900FFCCB5 /* Views */,
			);
			path = CharactersListMarvel;
			sourceTree = "<group>";
		};
		DB425FF227C66FD900FFCCB5 /* Views */ = {
			isa = PBXGroup;
			children = (
				DB425FF327C66FD900FFCCB5 /* CharactersListMarvelView.swift */,
				DB425FF427C66FD900FFCCB5 /* Cells */,
				DB425FF727C66FD900FFCCB5 /* CharactersListMarvelView.xib */,
			);
			path = Views;
			sourceTree = "<group>";
		};
		DB425FF427C66FD900FFCCB5 /* Cells */ = {
			isa = PBXGroup;
			children = (
				DB425FF527C66FD900FFCCB5 /* CharacterListMarvelTableViewCell.xib */,
				DB425FF627C66FD900FFCCB5 /* CharacterListMarvelTableViewCell.swift */,
			);
			path = Cells;
			sourceTree = "<group>";
		};
		DB7D59B627C7993B0093370A /* Views */ = {
			isa = PBXGroup;
			children = (
				DB7D59AD27C799370093370A /* ArtistDetailView.swift */,
				DB7D59BC27C79EEA0093370A /* ArtistDetailView.xib */,
				DB7D59B727C79E570093370A /* Cells */,
			);
			path = Views;
			sourceTree = "<group>";
		};
		DB7D59B727C79E570093370A /* Cells */ = {
			isa = PBXGroup;
			children = (
				DB7D59B827C79E680093370A /* ArtistDetailTableViewCell.swift */,
				DB7D59B927C79E680093370A /* ArtistDetailTableViewCell.xib */,
			);
			path = Cells;
			sourceTree = "<group>";
		};
/* End PBXGroup section */

/* Begin PBXNativeTarget section */
		DB425EA227C541F200FFCCB5 /* VIPArchitectureSample */ = {
			isa = PBXNativeTarget;
			buildConfigurationList = DB425ECD27C541F700FFCCB5 /* Build configuration list for PBXNativeTarget "VIPArchitectureSample" */;
			buildPhases = (
				18B3B91F04BC7155BBCC20BE /* [CP] Check Pods Manifest.lock */,
				DB425EDC27C5462100FFCCB5 /* R.swift */,
				DB425E9F27C541F200FFCCB5 /* Sources */,
				DB425EA027C541F200FFCCB5 /* Frameworks */,
				DB425EA127C541F200FFCCB5 /* Resources */,
				80A7D11E07E951BC4AC8DBA2 /* [CP] Embed Pods Frameworks */,
			);
			buildRules = (
			);
			dependencies = (
			);
			name = VIPArchitectureSample;
			productName = VIPArchitectureSample;
			productReference = DB425EA327C541F200FFCCB5 /* VIPArchitectureSample.app */;
			productType = "com.apple.product-type.application";
		};
		DB425EB827C541F700FFCCB5 /* VIPArchitectureSampleTests */ = {
			isa = PBXNativeTarget;
			buildConfigurationList = DB425ED027C541F700FFCCB5 /* Build configuration list for PBXNativeTarget "VIPArchitectureSampleTests" */;
			buildPhases = (
				A95CE0BDA2A7BEFB77F6191E /* [CP] Check Pods Manifest.lock */,
				DB425EB527C541F700FFCCB5 /* Sources */,
				DB425EB627C541F700FFCCB5 /* Frameworks */,
				DB425EB727C541F700FFCCB5 /* Resources */,
			);
			buildRules = (
			);
			dependencies = (
				DB425EBB27C541F700FFCCB5 /* PBXTargetDependency */,
			);
			name = VIPArchitectureSampleTests;
			productName = VIPArchitectureSampleTests;
			productReference = DB425EB927C541F700FFCCB5 /* VIPArchitectureSampleTests.xctest */;
			productType = "com.apple.product-type.bundle.unit-test";
		};
		DB425EC227C541F700FFCCB5 /* VIPArchitectureSampleUITests */ = {
			isa = PBXNativeTarget;
			buildConfigurationList = DB425ED327C541F700FFCCB5 /* Build configuration list for PBXNativeTarget "VIPArchitectureSampleUITests" */;
			buildPhases = (
				AADDC21F9B6B901152B58AF7 /* [CP] Check Pods Manifest.lock */,
				DB425EBF27C541F700FFCCB5 /* Sources */,
				DB425EC027C541F700FFCCB5 /* Frameworks */,
				DB425EC127C541F700FFCCB5 /* Resources */,
			);
			buildRules = (
			);
			dependencies = (
				DB425EC527C541F700FFCCB5 /* PBXTargetDependency */,
			);
			name = VIPArchitectureSampleUITests;
			productName = VIPArchitectureSampleUITests;
			productReference = DB425EC327C541F700FFCCB5 /* VIPArchitectureSampleUITests.xctest */;
			productType = "com.apple.product-type.bundle.ui-testing";
		};
/* End PBXNativeTarget section */

/* Begin PBXProject section */
		DB425E9B27C541F200FFCCB5 /* Project object */ = {
			isa = PBXProject;
			attributes = {
				BuildIndependentTargetsInParallel = 1;
				LastSwiftUpdateCheck = 1320;
				LastUpgradeCheck = 1320;
				TargetAttributes = {
					DB425EA227C541F200FFCCB5 = {
						CreatedOnToolsVersion = 13.2.1;
					};
					DB425EB827C541F700FFCCB5 = {
						CreatedOnToolsVersion = 13.2.1;
						TestTargetID = DB425EA227C541F200FFCCB5;
					};
					DB425EC227C541F700FFCCB5 = {
						CreatedOnToolsVersion = 13.2.1;
						TestTargetID = DB425EA227C541F200FFCCB5;
					};
				};
			};
			buildConfigurationList = DB425E9E27C541F200FFCCB5 /* Build configuration list for PBXProject "VIPArchitectureSample" */;
			compatibilityVersion = "Xcode 13.0";
			developmentRegion = en;
			hasScannedForEncodings = 0;
			knownRegions = (
				en,
				Base,
			);
			mainGroup = DB425E9A27C541F200FFCCB5;
			productRefGroup = DB425EA427C541F200FFCCB5 /* Products */;
			projectDirPath = "";
			projectRoot = "";
			targets = (
				DB425EA227C541F200FFCCB5 /* VIPArchitectureSample */,
				DB425EB827C541F700FFCCB5 /* VIPArchitectureSampleTests */,
				DB425EC227C541F700FFCCB5 /* VIPArchitectureSampleUITests */,
			);
		};
/* End PBXProject section */

/* Begin PBXResourcesBuildPhase section */
		DB425EA127C541F200FFCCB5 /* Resources */ = {
			isa = PBXResourcesBuildPhase;
			buildActionMask = 2147483647;
			files = (
				DB425F8227C6492E00FFCCB5 /* InitialSelectionView.xib in Resources */,
				DB425EB327C541F600FFCCB5 /* LaunchScreen.storyboard in Resources */,
				DB425FFE27C66FD900FFCCB5 /* CharacterDetailMarvelView.xib in Resources */,
				DB425F9627C6545200FFCCB5 /* ArtistsListView.xib in Resources */,
				DB425EB027C541F600FFCCB5 /* Assets.xcassets in Resources */,
				DB425F9B27C659BD00FFCCB5 /* ArtistTableViewCell.xib in Resources */,
				DB7D59BD27C79EEA0093370A /* ArtistDetailView.xib in Resources */,
				DB42600B27C66FD900FFCCB5 /* CharactersListMarvelView.xib in Resources */,
				DB42600927C66FD900FFCCB5 /* CharacterListMarvelTableViewCell.xib in Resources */,
				DB7D59BB27C79E680093370A /* ArtistDetailTableViewCell.xib in Resources */,
				DB425FFF27C66FD900FFCCB5 /* CharacterDetailMarvelTableViewCell.xib in Resources */,
				DB425FB027C664E100FFCCB5 /* CharactersListRickMortyTableViewCell.xib in Resources */,
				DB425FB327C6662F00FFCCB5 /* CharactersListRickMortyView.xib in Resources */,
				DB425EAE27C541F200FFCCB5 /* Main.storyboard in Resources */,
			);
			runOnlyForDeploymentPostprocessing = 0;
		};
		DB425EB727C541F700FFCCB5 /* Resources */ = {
			isa = PBXResourcesBuildPhase;
			buildActionMask = 2147483647;
			files = (
			);
			runOnlyForDeploymentPostprocessing = 0;
		};
		DB425EC127C541F700FFCCB5 /* Resources */ = {
			isa = PBXResourcesBuildPhase;
			buildActionMask = 2147483647;
			files = (
			);
			runOnlyForDeploymentPostprocessing = 0;
		};
/* End PBXResourcesBuildPhase section */

/* Begin PBXShellScriptBuildPhase section */
		18B3B91F04BC7155BBCC20BE /* [CP] Check Pods Manifest.lock */ = {
			isa = PBXShellScriptBuildPhase;
			buildActionMask = 2147483647;
			files = (
			);
			inputFileListPaths = (
			);
			inputPaths = (
				"${PODS_PODFILE_DIR_PATH}/Podfile.lock",
				"${PODS_ROOT}/Manifest.lock",
			);
			name = "[CP] Check Pods Manifest.lock";
			outputFileListPaths = (
			);
			outputPaths = (
				"$(DERIVED_FILE_DIR)/Pods-VIPArchitectureSample-checkManifestLockResult.txt",
			);
			runOnlyForDeploymentPostprocessing = 0;
			shellPath = /bin/sh;
			shellScript = "diff \"${PODS_PODFILE_DIR_PATH}/Podfile.lock\" \"${PODS_ROOT}/Manifest.lock\" > /dev/null\nif [ $? != 0 ] ; then\n    # print error to STDERR\n    echo \"error: The sandbox is not in sync with the Podfile.lock. Run 'pod install' or update your CocoaPods installation.\" >&2\n    exit 1\nfi\n# This output is used by Xcode 'outputs' to avoid re-running this script phase.\necho \"SUCCESS\" > \"${SCRIPT_OUTPUT_FILE_0}\"\n";
			showEnvVarsInLog = 0;
		};
		80A7D11E07E951BC4AC8DBA2 /* [CP] Embed Pods Frameworks */ = {
			isa = PBXShellScriptBuildPhase;
			buildActionMask = 2147483647;
			files = (
			);
			inputFileListPaths = (
				"${PODS_ROOT}/Target Support Files/Pods-VIPArchitectureSample/Pods-VIPArchitectureSample-frameworks-${CONFIGURATION}-input-files.xcfilelist",
			);
			name = "[CP] Embed Pods Frameworks";
			outputFileListPaths = (
				"${PODS_ROOT}/Target Support Files/Pods-VIPArchitectureSample/Pods-VIPArchitectureSample-frameworks-${CONFIGURATION}-output-files.xcfilelist",
			);
			runOnlyForDeploymentPostprocessing = 0;
			shellPath = /bin/sh;
			shellScript = "\"${PODS_ROOT}/Target Support Files/Pods-VIPArchitectureSample/Pods-VIPArchitectureSample-frameworks.sh\"\n";
			showEnvVarsInLog = 0;
		};
		A95CE0BDA2A7BEFB77F6191E /* [CP] Check Pods Manifest.lock */ = {
			isa = PBXShellScriptBuildPhase;
			buildActionMask = 2147483647;
			files = (
			);
			inputFileListPaths = (
			);
			inputPaths = (
				"${PODS_PODFILE_DIR_PATH}/Podfile.lock",
				"${PODS_ROOT}/Manifest.lock",
			);
			name = "[CP] Check Pods Manifest.lock";
			outputFileListPaths = (
			);
			outputPaths = (
				"$(DERIVED_FILE_DIR)/Pods-VIPArchitectureSampleTests-checkManifestLockResult.txt",
			);
			runOnlyForDeploymentPostprocessing = 0;
			shellPath = /bin/sh;
			shellScript = "diff \"${PODS_PODFILE_DIR_PATH}/Podfile.lock\" \"${PODS_ROOT}/Manifest.lock\" > /dev/null\nif [ $? != 0 ] ; then\n    # print error to STDERR\n    echo \"error: The sandbox is not in sync with the Podfile.lock. Run 'pod install' or update your CocoaPods installation.\" >&2\n    exit 1\nfi\n# This output is used by Xcode 'outputs' to avoid re-running this script phase.\necho \"SUCCESS\" > \"${SCRIPT_OUTPUT_FILE_0}\"\n";
			showEnvVarsInLog = 0;
		};
		AADDC21F9B6B901152B58AF7 /* [CP] Check Pods Manifest.lock */ = {
			isa = PBXShellScriptBuildPhase;
			buildActionMask = 2147483647;
			files = (
			);
			inputFileListPaths = (
			);
			inputPaths = (
				"${PODS_PODFILE_DIR_PATH}/Podfile.lock",
				"${PODS_ROOT}/Manifest.lock",
			);
			name = "[CP] Check Pods Manifest.lock";
			outputFileListPaths = (
			);
			outputPaths = (
				"$(DERIVED_FILE_DIR)/Pods-VIPArchitectureSampleUITests-checkManifestLockResult.txt",
			);
			runOnlyForDeploymentPostprocessing = 0;
			shellPath = /bin/sh;
			shellScript = "diff \"${PODS_PODFILE_DIR_PATH}/Podfile.lock\" \"${PODS_ROOT}/Manifest.lock\" > /dev/null\nif [ $? != 0 ] ; then\n    # print error to STDERR\n    echo \"error: The sandbox is not in sync with the Podfile.lock. Run 'pod install' or update your CocoaPods installation.\" >&2\n    exit 1\nfi\n# This output is used by Xcode 'outputs' to avoid re-running this script phase.\necho \"SUCCESS\" > \"${SCRIPT_OUTPUT_FILE_0}\"\n";
			showEnvVarsInLog = 0;
		};
		DB425EDC27C5462100FFCCB5 /* R.swift */ = {
			isa = PBXShellScriptBuildPhase;
			alwaysOutOfDate = 1;
			buildActionMask = 2147483647;
			files = (
			);
			inputFileListPaths = (
			);
			inputPaths = (
			);
			name = R.swift;
			outputFileListPaths = (
			);
			outputPaths = (
				$SRCROOT/VIPArchitectureSample/Infraestructure/Resources/R.generated.swift,
			);
			runOnlyForDeploymentPostprocessing = 0;
			shellPath = /bin/sh;
			shellScript = "# Type a script or drag a script file from your workspace to insert its path.\n\"$PODS_ROOT/R.swift/rswift\" generate \"$SRCROOT/VIPArchitectureSample/Infraestructure/Resources/R.generated.swift\"\n";
		};
/* End PBXShellScriptBuildPhase section */

/* Begin PBXSourcesBuildPhase section */
		DB425E9F27C541F200FFCCB5 /* Sources */ = {
			isa = PBXSourcesBuildPhase;
			buildActionMask = 2147483647;
			files = (
				DB425FFD27C66FD900FFCCB5 /* CharacterDetailMarvelModel.swift in Sources */,
				DB425F9227C6543A00FFCCB5 /* ArtistsListView.swift in Sources */,
				DB425F4E27C62CCB00FFCCB5 /* Dictionary+Additions.swift in Sources */,
				DB425F5527C62CCB00FFCCB5 /* APIRouter.swift in Sources */,
				DB42600227C66FD900FFCCB5 /* CharactersListMarvelFactorable.swift in Sources */,
				DB425F2927C62C2400FFCCB5 /* ErrorModel.swift in Sources */,
				DB425FB127C664E100FFCCB5 /* CharactersListRickMortyTableViewCell.swift in Sources */,
				DB425F8D27C6543A00FFCCB5 /* ArtistsListFactorable.swift in Sources */,
				DB425FD527C66E3F00FFCCB5 /* Result.swift in Sources */,
				DB425FDD27C66E3F00FFCCB5 /* Story.swift in Sources */,
				DB425F5227C62CCB00FFCCB5 /* CustomNetworkError.swift in Sources */,
				DB425FFC27C66FD900FFCCB5 /* CharacterDetailMarvelInteractor.swift in Sources */,
				DB425F4B27C62CCB00FFCCB5 /* UIViewController+AlertController.swift in Sources */,
				DB425FD327C66E3F00FFCCB5 /* Event.swift in Sources */,
				DB7D59B127C799370093370A /* ArtistDetailRouter.swift in Sources */,
				DB7D59AF27C799370093370A /* ArtistDetailFactorable.swift in Sources */,
				DB425F4D27C62CCB00FFCCB5 /* String+Additions.swift in Sources */,
				DB425F8E27C6543A00FFCCB5 /* ArtistsListPresenter.swift in Sources */,
				DB425F6D27C6482800FFCCB5 /* APIClient.swift in Sources */,
				DB7D59B027C799370093370A /* ArtistDetailPresenter.swift in Sources */,
				DB425FDB27C66E3F00FFCCB5 /* Url.swift in Sources */,
				DB425EAB27C541F200FFCCB5 /* ViewController.swift in Sources */,
				DB425FD727C66E3F00FFCCB5 /* Series.swift in Sources */,
				DB425FF827C66FD900FFCCB5 /* CharacterDetailMarvelPresenter.swift in Sources */,
				DB425F4F27C62CCB00FFCCB5 /* BaseViewController.swift in Sources */,
				DB7D59B227C799370093370A /* ArtistDetailViewController.swift in Sources */,
				DB425F9A27C659BD00FFCCB5 /* ArtistTableViewCell.swift in Sources */,
				DB425F8F27C6543A00FFCCB5 /* ArtistsListRouter.swift in Sources */,
				DB42600427C66FD900FFCCB5 /* CharactersListMarvelModel.swift in Sources */,
				DB425F6B27C6466A00FFCCB5 /* CharactersRickAndMorty.swift in Sources */,
				DB425FC027C66BC800FFCCB5 /* CharactersListRickMortyViewController.swift in Sources */,
				DB425FBD27C66BC800FFCCB5 /* CharactersListRickMortyInteractor.swift in Sources */,
				DB425F7F27C6490600FFCCB5 /* AppInjector.swift in Sources */,
				DB425FFB27C66FD900FFCCB5 /* CharacterDetailMarvelViewController.swift in Sources */,
				DB425FD227C66E3F00FFCCB5 /* ItemSeries.swift in Sources */,
				DB425F2627C62AF100FFCCB5 /* LoaderView.swift in Sources */,
				DB42600027C66FD900FFCCB5 /* CharacterDetailMarvelTableViewCell.swift in Sources */,
				DB425FBC27C66BC800FFCCB5 /* CharactersListRickMortyView.swift in Sources */,
				DB425FBF27C66BC800FFCCB5 /* CharactersListRickMortyPresenter.swift in Sources */,
				DB42600827C66FD900FFCCB5 /* CharactersListMarvelView.swift in Sources */,
				DB425F5427C62CCB00FFCCB5 /* APIConstants.swift in Sources */,
				DB425F5627C62CCB00FFCCB5 /* EnviromentService.swift in Sources */,
				DB42600A27C66FD900FFCCB5 /* CharacterListMarvelTableViewCell.swift in Sources */,
				DB425FF927C66FD900FFCCB5 /* CharacterDetailMarvelFactorable.swift in Sources */,
				DB425FD427C66E3F00FFCCB5 /* Thumbnail.swift in Sources */,
				DB7D59BA27C79E680093370A /* ArtistDetailTableViewCell.swift in Sources */,
				DB7D59A727C68E680093370A /* UIColor+Additions.swift in Sources */,
				DB425F7D27C648D900FFCCB5 /* InitialSelectionModel.swift in Sources */,
				DB425EA727C541F200FFCCB5 /* AppDelegate.swift in Sources */,
				DB425FD627C66E3F00FFCCB5 /* Comic.swift in Sources */,
				DB425F7827C648D900FFCCB5 /* InitialSelectionPresenter.swift in Sources */,
				DB425FDC27C66E3F00FFCCB5 /* CharactersListMarvel.swift in Sources */,
				DB425F4C27C62CCB00FFCCB5 /* UIView+Additions.swift in Sources */,
				DB42600327C66FD900FFCCB5 /* CharactersListMarvelViewController.swift in Sources */,
				DB425FD827C66E3F00FFCCB5 /* ItemEvent.swift in Sources */,
				DB425FC227C66BC800FFCCB5 /* CharactersListRickMortyFactorable.swift in Sources */,
				DB425F7C27C648D900FFCCB5 /* InitialSelectionView.swift in Sources */,
				DB425F5027C62CCB00FFCCB5 /* BaseView.swift in Sources */,
				DB42600627C66FD900FFCCB5 /* CharactersListMarvelPresenter.swift in Sources */,
				DB42600127C66FD900FFCCB5 /* CharacterDetailMarvelView.swift in Sources */,
				DB425F9127C6543A00FFCCB5 /* ArtistsListInteractor.swift in Sources */,
				DB425FBE27C66BC800FFCCB5 /* CharactersListRickMortyRouter.swift in Sources */,
				DB7D59B527C799370093370A /* ArtistDetailModel.swift in Sources */,
				DB425F7727C648D900FFCCB5 /* InitialSelectionFactorable.swift in Sources */,
				DB425F6927C645F900FFCCB5 /* AlbumsLastFM.swift in Sources */,
				DB425FD927C66E3F00FFCCB5 /* ItemStory.swift in Sources */,
				DB425F6727C6458800FFCCB5 /* ArtistsLastFM.swift in Sources */,
				DB425F9327C6543A00FFCCB5 /* ArtistsListModel.swift in Sources */,
				DB7D59B427C799370093370A /* ArtistDetailView.swift in Sources */,
				DB425F7B27C648D900FFCCB5 /* InitialSelectionInteractor.swift in Sources */,
				DB425FC127C66BC800FFCCB5 /* CharactersListRickMortyModel.swift in Sources */,
				DB42600527C66FD900FFCCB5 /* CharactersListMarvelInteractor.swift in Sources */,
				DB425F7A27C648D900FFCCB5 /* InitialSelectionViewController.swift in Sources */,
				DB7D59B327C799370093370A /* ArtistDetailInteractor.swift in Sources */,
				DB425FFA27C66FD900FFCCB5 /* CharacterDetailMarvelRouter.swift in Sources */,
				DB425FD127C66E3F00FFCCB5 /* ItemComic.swift in Sources */,
				DB425F7927C648D900FFCCB5 /* InitialSelectionRouter.swift in Sources */,
				DB42600727C66FD900FFCCB5 /* CharactersListMarvelRouter.swift in Sources */,
				DB425FDA27C66E3F00FFCCB5 /* Datum.swift in Sources */,
				DB425F9027C6543A00FFCCB5 /* ArtistsListViewController.swift in Sources */,
				DB425EDE27C5478200FFCCB5 /* R.generated.swift in Sources */,
			);
			runOnlyForDeploymentPostprocessing = 0;
		};
		DB425EB527C541F700FFCCB5 /* Sources */ = {
			isa = PBXSourcesBuildPhase;
			buildActionMask = 2147483647;
			files = (
				DB425EBE27C541F700FFCCB5 /* VIPArchitectureSampleTests.swift in Sources */,
			);
			runOnlyForDeploymentPostprocessing = 0;
		};
		DB425EBF27C541F700FFCCB5 /* Sources */ = {
			isa = PBXSourcesBuildPhase;
			buildActionMask = 2147483647;
			files = (
				DB425EC827C541F700FFCCB5 /* VIPArchitectureSampleUITests.swift in Sources */,
				DB425ECA27C541F700FFCCB5 /* VIPArchitectureSampleUITestsLaunchTests.swift in Sources */,
			);
			runOnlyForDeploymentPostprocessing = 0;
		};
/* End PBXSourcesBuildPhase section */

/* Begin PBXTargetDependency section */
		DB425EBB27C541F700FFCCB5 /* PBXTargetDependency */ = {
			isa = PBXTargetDependency;
			target = DB425EA227C541F200FFCCB5 /* VIPArchitectureSample */;
			targetProxy = DB425EBA27C541F700FFCCB5 /* PBXContainerItemProxy */;
		};
		DB425EC527C541F700FFCCB5 /* PBXTargetDependency */ = {
			isa = PBXTargetDependency;
			target = DB425EA227C541F200FFCCB5 /* VIPArchitectureSample */;
			targetProxy = DB425EC427C541F700FFCCB5 /* PBXContainerItemProxy */;
		};
/* End PBXTargetDependency section */

/* Begin PBXVariantGroup section */
		DB425EAC27C541F200FFCCB5 /* Main.storyboard */ = {
			isa = PBXVariantGroup;
			children = (
				DB425EAD27C541F200FFCCB5 /* Base */,
			);
			name = Main.storyboard;
			sourceTree = "<group>";
		};
		DB425EB127C541F600FFCCB5 /* LaunchScreen.storyboard */ = {
			isa = PBXVariantGroup;
			children = (
				DB425EB227C541F600FFCCB5 /* Base */,
			);
			name = LaunchScreen.storyboard;
			sourceTree = "<group>";
		};
/* End PBXVariantGroup section */

/* Begin XCBuildConfiguration section */
		DB425ECB27C541F700FFCCB5 /* Debug */ = {
			isa = XCBuildConfiguration;
			baseConfigurationReference = DB425F2027C54FBF00FFCCB5 /* Debug.xcconfig */;
			buildSettings = {
				ALWAYS_SEARCH_USER_PATHS = NO;
				CLANG_ANALYZER_NONNULL = YES;
				CLANG_ANALYZER_NUMBER_OBJECT_CONVERSION = YES_AGGRESSIVE;
				CLANG_CXX_LANGUAGE_STANDARD = "gnu++17";
				CLANG_CXX_LIBRARY = "libc++";
				CLANG_ENABLE_MODULES = YES;
				CLANG_ENABLE_OBJC_ARC = YES;
				CLANG_ENABLE_OBJC_WEAK = YES;
				CLANG_WARN_BLOCK_CAPTURE_AUTORELEASING = YES;
				CLANG_WARN_BOOL_CONVERSION = YES;
				CLANG_WARN_COMMA = YES;
				CLANG_WARN_CONSTANT_CONVERSION = YES;
				CLANG_WARN_DEPRECATED_OBJC_IMPLEMENTATIONS = YES;
				CLANG_WARN_DIRECT_OBJC_ISA_USAGE = YES_ERROR;
				CLANG_WARN_DOCUMENTATION_COMMENTS = YES;
				CLANG_WARN_EMPTY_BODY = YES;
				CLANG_WARN_ENUM_CONVERSION = YES;
				CLANG_WARN_INFINITE_RECURSION = YES;
				CLANG_WARN_INT_CONVERSION = YES;
				CLANG_WARN_NON_LITERAL_NULL_CONVERSION = YES;
				CLANG_WARN_OBJC_IMPLICIT_RETAIN_SELF = YES;
				CLANG_WARN_OBJC_LITERAL_CONVERSION = YES;
				CLANG_WARN_OBJC_ROOT_CLASS = YES_ERROR;
				CLANG_WARN_QUOTED_INCLUDE_IN_FRAMEWORK_HEADER = YES;
				CLANG_WARN_RANGE_LOOP_ANALYSIS = YES;
				CLANG_WARN_STRICT_PROTOTYPES = YES;
				CLANG_WARN_SUSPICIOUS_MOVE = YES;
				CLANG_WARN_UNGUARDED_AVAILABILITY = YES_AGGRESSIVE;
				CLANG_WARN_UNREACHABLE_CODE = YES;
				CLANG_WARN__DUPLICATE_METHOD_MATCH = YES;
				COPY_PHASE_STRIP = NO;
				DEBUG_INFORMATION_FORMAT = dwarf;
				ENABLE_STRICT_OBJC_MSGSEND = YES;
				ENABLE_TESTABILITY = YES;
				GCC_C_LANGUAGE_STANDARD = gnu11;
				GCC_DYNAMIC_NO_PIC = NO;
				GCC_NO_COMMON_BLOCKS = YES;
				GCC_OPTIMIZATION_LEVEL = 0;
				GCC_PREPROCESSOR_DEFINITIONS = (
					"DEBUG=1",
					"$(inherited)",
				);
				GCC_WARN_64_TO_32_BIT_CONVERSION = YES;
				GCC_WARN_ABOUT_RETURN_TYPE = YES_ERROR;
				GCC_WARN_UNDECLARED_SELECTOR = YES;
				GCC_WARN_UNINITIALIZED_AUTOS = YES_AGGRESSIVE;
				GCC_WARN_UNUSED_FUNCTION = YES;
				GCC_WARN_UNUSED_VARIABLE = YES;
				IPHONEOS_DEPLOYMENT_TARGET = 14.0;
				MTL_ENABLE_DEBUG_INFO = INCLUDE_SOURCE;
				MTL_FAST_MATH = YES;
				ONLY_ACTIVE_ARCH = YES;
				SDKROOT = iphoneos;
				SWIFT_ACTIVE_COMPILATION_CONDITIONS = DEBUG;
				SWIFT_OPTIMIZATION_LEVEL = "-Onone";
			};
			name = Debug;
		};
		DB425ECC27C541F700FFCCB5 /* Release */ = {
			isa = XCBuildConfiguration;
			baseConfigurationReference = DB425F2227C54FE900FFCCB5 /* Release.xcconfig */;
			buildSettings = {
				ALWAYS_SEARCH_USER_PATHS = NO;
				CLANG_ANALYZER_NONNULL = YES;
				CLANG_ANALYZER_NUMBER_OBJECT_CONVERSION = YES_AGGRESSIVE;
				CLANG_CXX_LANGUAGE_STANDARD = "gnu++17";
				CLANG_CXX_LIBRARY = "libc++";
				CLANG_ENABLE_MODULES = YES;
				CLANG_ENABLE_OBJC_ARC = YES;
				CLANG_ENABLE_OBJC_WEAK = YES;
				CLANG_WARN_BLOCK_CAPTURE_AUTORELEASING = YES;
				CLANG_WARN_BOOL_CONVERSION = YES;
				CLANG_WARN_COMMA = YES;
				CLANG_WARN_CONSTANT_CONVERSION = YES;
				CLANG_WARN_DEPRECATED_OBJC_IMPLEMENTATIONS = YES;
				CLANG_WARN_DIRECT_OBJC_ISA_USAGE = YES_ERROR;
				CLANG_WARN_DOCUMENTATION_COMMENTS = YES;
				CLANG_WARN_EMPTY_BODY = YES;
				CLANG_WARN_ENUM_CONVERSION = YES;
				CLANG_WARN_INFINITE_RECURSION = YES;
				CLANG_WARN_INT_CONVERSION = YES;
				CLANG_WARN_NON_LITERAL_NULL_CONVERSION = YES;
				CLANG_WARN_OBJC_IMPLICIT_RETAIN_SELF = YES;
				CLANG_WARN_OBJC_LITERAL_CONVERSION = YES;
				CLANG_WARN_OBJC_ROOT_CLASS = YES_ERROR;
				CLANG_WARN_QUOTED_INCLUDE_IN_FRAMEWORK_HEADER = YES;
				CLANG_WARN_RANGE_LOOP_ANALYSIS = YES;
				CLANG_WARN_STRICT_PROTOTYPES = YES;
				CLANG_WARN_SUSPICIOUS_MOVE = YES;
				CLANG_WARN_UNGUARDED_AVAILABILITY = YES_AGGRESSIVE;
				CLANG_WARN_UNREACHABLE_CODE = YES;
				CLANG_WARN__DUPLICATE_METHOD_MATCH = YES;
				COPY_PHASE_STRIP = NO;
				DEBUG_INFORMATION_FORMAT = "dwarf-with-dsym";
				ENABLE_NS_ASSERTIONS = NO;
				ENABLE_STRICT_OBJC_MSGSEND = YES;
				GCC_C_LANGUAGE_STANDARD = gnu11;
				GCC_NO_COMMON_BLOCKS = YES;
				GCC_WARN_64_TO_32_BIT_CONVERSION = YES;
				GCC_WARN_ABOUT_RETURN_TYPE = YES_ERROR;
				GCC_WARN_UNDECLARED_SELECTOR = YES;
				GCC_WARN_UNINITIALIZED_AUTOS = YES_AGGRESSIVE;
				GCC_WARN_UNUSED_FUNCTION = YES;
				GCC_WARN_UNUSED_VARIABLE = YES;
				IPHONEOS_DEPLOYMENT_TARGET = 14.0;
				MTL_ENABLE_DEBUG_INFO = NO;
				MTL_FAST_MATH = YES;
				SDKROOT = iphoneos;
				SWIFT_COMPILATION_MODE = wholemodule;
				SWIFT_OPTIMIZATION_LEVEL = "-O";
				VALIDATE_PRODUCT = YES;
			};
			name = Release;
		};
		DB425ECE27C541F700FFCCB5 /* Debug */ = {
			isa = XCBuildConfiguration;
			baseConfigurationReference = A02573D7B2E10F767A5FA5ED /* Pods-VIPArchitectureSample.debug.xcconfig */;
			buildSettings = {
				ASSETCATALOG_COMPILER_APPICON_NAME = AppIcon;
				ASSETCATALOG_COMPILER_GLOBAL_ACCENT_COLOR_NAME = AccentColor;
				CODE_SIGN_STYLE = Automatic;
				CURRENT_PROJECT_VERSION = 1;
				DEVELOPMENT_TEAM = 8NX33F6527;
				GENERATE_INFOPLIST_FILE = NO;
				INFOPLIST_FILE = VIPArchitectureSample/Infraestructure/Info.plist;
				INFOPLIST_KEY_UIApplicationSupportsIndirectInputEvents = YES;
				INFOPLIST_KEY_UILaunchStoryboardName = LaunchScreen;
				INFOPLIST_KEY_UIMainStoryboardFile = Main;
				INFOPLIST_KEY_UISupportedInterfaceOrientations_iPad = "UIInterfaceOrientationPortrait UIInterfaceOrientationPortraitUpsideDown UIInterfaceOrientationLandscapeLeft UIInterfaceOrientationLandscapeRight";
				INFOPLIST_KEY_UISupportedInterfaceOrientations_iPhone = "UIInterfaceOrientationPortrait UIInterfaceOrientationLandscapeLeft UIInterfaceOrientationLandscapeRight";
				LD_RUNPATH_SEARCH_PATHS = (
					"$(inherited)",
					"@executable_path/Frameworks",
				);
				MARKETING_VERSION = 1.0;
				PRODUCT_BUNDLE_IDENTIFIER = com.MarcoIO.VIPArchitectureSample;
				PRODUCT_NAME = "$(TARGET_NAME)";
				SWIFT_EMIT_LOC_STRINGS = YES;
				SWIFT_VERSION = 5.0;
				TARGETED_DEVICE_FAMILY = "1,2";
			};
			name = Debug;
		};
		DB425ECF27C541F700FFCCB5 /* Release */ = {
			isa = XCBuildConfiguration;
			baseConfigurationReference = 2D20395CC49611155F5DBA17 /* Pods-VIPArchitectureSample.release.xcconfig */;
			buildSettings = {
				ASSETCATALOG_COMPILER_APPICON_NAME = AppIcon;
				ASSETCATALOG_COMPILER_GLOBAL_ACCENT_COLOR_NAME = AccentColor;
				CODE_SIGN_STYLE = Automatic;
				CURRENT_PROJECT_VERSION = 1;
				DEVELOPMENT_TEAM = 8NX33F6527;
				GENERATE_INFOPLIST_FILE = NO;
				INFOPLIST_FILE = VIPArchitectureSample/Infraestructure/Info.plist;
				INFOPLIST_KEY_UIApplicationSupportsIndirectInputEvents = YES;
				INFOPLIST_KEY_UILaunchStoryboardName = LaunchScreen;
				INFOPLIST_KEY_UIMainStoryboardFile = Main;
				INFOPLIST_KEY_UISupportedInterfaceOrientations_iPad = "UIInterfaceOrientationPortrait UIInterfaceOrientationPortraitUpsideDown UIInterfaceOrientationLandscapeLeft UIInterfaceOrientationLandscapeRight";
				INFOPLIST_KEY_UISupportedInterfaceOrientations_iPhone = "UIInterfaceOrientationPortrait UIInterfaceOrientationLandscapeLeft UIInterfaceOrientationLandscapeRight";
				LD_RUNPATH_SEARCH_PATHS = (
					"$(inherited)",
					"@executable_path/Frameworks",
				);
				MARKETING_VERSION = 1.0;
				PRODUCT_BUNDLE_IDENTIFIER = com.MarcoIO.VIPArchitectureSample;
				PRODUCT_NAME = "$(TARGET_NAME)";
				SWIFT_EMIT_LOC_STRINGS = YES;
				SWIFT_VERSION = 5.0;
				TARGETED_DEVICE_FAMILY = "1,2";
			};
			name = Release;
		};
		DB425ED127C541F700FFCCB5 /* Debug */ = {
			isa = XCBuildConfiguration;
			baseConfigurationReference = EF8B7FCD7D6C531E8EF3831E /* Pods-VIPArchitectureSampleTests.debug.xcconfig */;
			buildSettings = {
				ALWAYS_EMBED_SWIFT_STANDARD_LIBRARIES = YES;
				BUNDLE_LOADER = "$(TEST_HOST)";
				CODE_SIGN_STYLE = Automatic;
				CURRENT_PROJECT_VERSION = 1;
				DEVELOPMENT_TEAM = 8NX33F6527;
				GENERATE_INFOPLIST_FILE = YES;
				IPHONEOS_DEPLOYMENT_TARGET = 15.2;
				MARKETING_VERSION = 1.0;
				PRODUCT_BUNDLE_IDENTIFIER = com.MarcoIO.VIPArchitectureSampleTests;
				PRODUCT_NAME = "$(TARGET_NAME)";
				SWIFT_EMIT_LOC_STRINGS = NO;
				SWIFT_VERSION = 5.0;
				TARGETED_DEVICE_FAMILY = "1,2";
				TEST_HOST = "$(BUILT_PRODUCTS_DIR)/VIPArchitectureSample.app/VIPArchitectureSample";
			};
			name = Debug;
		};
		DB425ED227C541F700FFCCB5 /* Release */ = {
			isa = XCBuildConfiguration;
			baseConfigurationReference = 1ACBA5EFA1F8336F9565313D /* Pods-VIPArchitectureSampleTests.release.xcconfig */;
			buildSettings = {
				ALWAYS_EMBED_SWIFT_STANDARD_LIBRARIES = YES;
				BUNDLE_LOADER = "$(TEST_HOST)";
				CODE_SIGN_STYLE = Automatic;
				CURRENT_PROJECT_VERSION = 1;
				DEVELOPMENT_TEAM = 8NX33F6527;
				GENERATE_INFOPLIST_FILE = YES;
				IPHONEOS_DEPLOYMENT_TARGET = 15.2;
				MARKETING_VERSION = 1.0;
				PRODUCT_BUNDLE_IDENTIFIER = com.MarcoIO.VIPArchitectureSampleTests;
				PRODUCT_NAME = "$(TARGET_NAME)";
				SWIFT_EMIT_LOC_STRINGS = NO;
				SWIFT_VERSION = 5.0;
				TARGETED_DEVICE_FAMILY = "1,2";
				TEST_HOST = "$(BUILT_PRODUCTS_DIR)/VIPArchitectureSample.app/VIPArchitectureSample";
			};
			name = Release;
		};
		DB425ED427C541F700FFCCB5 /* Debug */ = {
			isa = XCBuildConfiguration;
			baseConfigurationReference = E51607890E386483BADBBD01 /* Pods-VIPArchitectureSampleUITests.debug.xcconfig */;
			buildSettings = {
				ALWAYS_EMBED_SWIFT_STANDARD_LIBRARIES = YES;
				CODE_SIGN_STYLE = Automatic;
				CURRENT_PROJECT_VERSION = 1;
				DEVELOPMENT_TEAM = 8NX33F6527;
				GENERATE_INFOPLIST_FILE = YES;
				MARKETING_VERSION = 1.0;
				PRODUCT_BUNDLE_IDENTIFIER = com.MarcoIO.VIPArchitectureSampleUITests;
				PRODUCT_NAME = "$(TARGET_NAME)";
				SWIFT_EMIT_LOC_STRINGS = NO;
				SWIFT_VERSION = 5.0;
				TARGETED_DEVICE_FAMILY = "1,2";
				TEST_TARGET_NAME = VIPArchitectureSample;
			};
			name = Debug;
		};
		DB425ED527C541F700FFCCB5 /* Release */ = {
			isa = XCBuildConfiguration;
			baseConfigurationReference = 59EB2190139C0E41B2805112 /* Pods-VIPArchitectureSampleUITests.release.xcconfig */;
			buildSettings = {
				ALWAYS_EMBED_SWIFT_STANDARD_LIBRARIES = YES;
				CODE_SIGN_STYLE = Automatic;
				CURRENT_PROJECT_VERSION = 1;
				DEVELOPMENT_TEAM = 8NX33F6527;
				GENERATE_INFOPLIST_FILE = YES;
				MARKETING_VERSION = 1.0;
				PRODUCT_BUNDLE_IDENTIFIER = com.MarcoIO.VIPArchitectureSampleUITests;
				PRODUCT_NAME = "$(TARGET_NAME)";
				SWIFT_EMIT_LOC_STRINGS = NO;
				SWIFT_VERSION = 5.0;
				TARGETED_DEVICE_FAMILY = "1,2";
				TEST_TARGET_NAME = VIPArchitectureSample;
			};
			name = Release;
		};
/* End XCBuildConfiguration section */

/* Begin XCConfigurationList section */
		DB425E9E27C541F200FFCCB5 /* Build configuration list for PBXProject "VIPArchitectureSample" */ = {
			isa = XCConfigurationList;
			buildConfigurations = (
				DB425ECB27C541F700FFCCB5 /* Debug */,
				DB425ECC27C541F700FFCCB5 /* Release */,
			);
			defaultConfigurationIsVisible = 0;
			defaultConfigurationName = Release;
		};
		DB425ECD27C541F700FFCCB5 /* Build configuration list for PBXNativeTarget "VIPArchitectureSample" */ = {
			isa = XCConfigurationList;
			buildConfigurations = (
				DB425ECE27C541F700FFCCB5 /* Debug */,
				DB425ECF27C541F700FFCCB5 /* Release */,
			);
			defaultConfigurationIsVisible = 0;
			defaultConfigurationName = Release;
		};
		DB425ED027C541F700FFCCB5 /* Build configuration list for PBXNativeTarget "VIPArchitectureSampleTests" */ = {
			isa = XCConfigurationList;
			buildConfigurations = (
				DB425ED127C541F700FFCCB5 /* Debug */,
				DB425ED227C541F700FFCCB5 /* Release */,
			);
			defaultConfigurationIsVisible = 0;
			defaultConfigurationName = Release;
		};
		DB425ED327C541F700FFCCB5 /* Build configuration list for PBXNativeTarget "VIPArchitectureSampleUITests" */ = {
			isa = XCConfigurationList;
			buildConfigurations = (
				DB425ED427C541F700FFCCB5 /* Debug */,
				DB425ED527C541F700FFCCB5 /* Release */,
			);
			defaultConfigurationIsVisible = 0;
			defaultConfigurationName = Release;
		};
/* End XCConfigurationList section */
	};
	rootObject = DB425E9B27C541F200FFCCB5 /* Project object */;
}
